
Microsoft Visual Studio Solution File, Format Version 12.00
# Visual Studio 15
Project("{FAE04EC0-301F-11D3-BF4B-00C04F79EFBC}") = "Oculus.Platform", "Oculus.Platform.csproj", "{B9066368-3A12-B206-1554-284C582D9127}"
EndProject
Project("{FAE04EC0-301F-11D3-BF4B-00C04F79EFBC}") = "Assembly-CSharp", "Assembly-CSharp.csproj", "{56213054-8D35-2519-440F-7C9F670BBB37}"
EndProject
Project("{FAE04EC0-301F-11D3-BF4B-00C04F79EFBC}") = "Oculus.Spatializer", "Oculus.Spatializer.csproj", "{F078466F-D8FA-E3CD-1AF9-CACEE0124E34}"
EndProject
Project("{FAE04EC0-301F-11D3-BF4B-00C04F79EFBC}") = "Oculus.Interaction", "Oculus.Interaction.csproj", "{4549D0A4-F3F2-95C7-2E64-947F6548F845}"
EndProject
Project("{FAE04EC0-301F-11D3-BF4B-00C04F79EFBC}") = "Meta.WitAi", "Meta.WitAi.csproj", "{52FAE68B-09D1-219C-912A-2BC61CD2FE3E}"
EndProject
Project("{FAE04EC0-301F-11D3-BF4B-00C04F79EFBC}") = "Oculus.Interaction.OVR.Samples", "Oculus.Interaction.OVR.Samples.csproj", "{3AA71BAF-A4CC-D09A-94ED-278202488F4F}"
EndProject
Project("{FAE04EC0-301F-11D3-BF4B-00C04F79EFBC}") = "Oculus.VR", "Oculus.VR.csproj", "{569B9988-4012-5EA2-080E-EC66D876679F}"
EndProject
Project("{FAE04EC0-301F-11D3-BF4B-00C04F79EFBC}") = "VoiceSDK.Dictation.Runtime", "VoiceSDK.Dictation.Runtime.csproj", "{8C3811F0-56E8-4129-453D-25125E3BD37F}"
EndProject
Project("{FAE04EC0-301F-11D3-BF4B-00C04F79EFBC}") = "Meta.WitAi.TTS", "Meta.WitAi.TTS.csproj", "{80A5279C-3E9D-9EDA-D01A-25C3FCEC9BE9}"
EndProject
Project("{FAE04EC0-301F-11D3-BF4B-00C04F79EFBC}") = "Oculus.AudioManager", "Oculus.AudioManager.csproj", "{764CFB4D-9D0C-835B-4B13-9264B75CB842}"
EndProject
Project("{FAE04EC0-301F-11D3-BF4B-00C04F79EFBC}") = "VoiceSDK.Runtime", "VoiceSDK.Runtime.csproj", "{8E7B7E06-58C3-3160-5305-D1763FD01B89}"
EndProject
Project("{FAE04EC0-301F-11D3-BF4B-00C04F79EFBC}") = "Facebook.Wit.Dictation", "Facebook.Wit.Dictation.csproj", "{0F2AEC95-4E95-D30C-681D-F114F590C971}"
EndProject
Project("{FAE04EC0-301F-11D3-BF4B-00C04F79EFBC}") = "Meta.WitAi.Lib", "Meta.WitAi.Lib.csproj", "{A5AECAB6-22B4-909A-12BF-20544B74BEDA}"
EndProject
Project("{FAE04EC0-301F-11D3-BF4B-00C04F79EFBC}") = "Meta.WitAi.TTS.Samples", "Meta.WitAi.TTS.Samples.csproj", "{232CF85C-A1AA-2267-4616-101DADCBD140}"
EndProject
Project("{FAE04EC0-301F-11D3-BF4B-00C04F79EFBC}") = "Oculus.Voice.Demo", "Oculus.Voice.Demo.csproj", "{C7D2576C-EED0-AF78-5AF7-2137C30198F6}"
EndProject
Project("{FAE04EC0-301F-11D3-BF4B-00C04F79EFBC}") = "Oculus.Interaction.OVR", "Oculus.Interaction.OVR.csproj", "{55792AB7-BB75-B602-77C1-A2236F83C337}"
EndProject
Project("{FAE04EC0-301F-11D3-BF4B-00C04F79EFBC}") = "AssistantCoreSDKRuntime", "AssistantCoreSDKRuntime.csproj", "{722B5422-FD7A-4413-BD39-6A122B055BA9}"
EndProject
Project("{FAE04EC0-301F-11D3-BF4B-00C04F79EFBC}") = "Meta.WitAi.Conduit", "Meta.WitAi.Conduit.csproj", "{24B386DF-2784-B26C-27FF-544FC23B4670}"
EndProject
Project("{FAE04EC0-301F-11D3-BF4B-00C04F79EFBC}") = "Oculus.LipSync", "Oculus.LipSync.csproj", "{17A82E9C-4B51-379C-B694-6855D141A193}"
EndProject
Project("{FAE04EC0-301F-11D3-BF4B-00C04F79EFBC}") = "Meta.VoiceSDK.Mic.Other", "Meta.VoiceSDK.Mic.Other.csproj", "{774E5E22-800D-BC8B-8865-89818AD5C615}"
EndProject
Project("{FAE04EC0-301F-11D3-BF4B-00C04F79EFBC}") = "Meta.VoiceSDK.Mic.Common", "Meta.VoiceSDK.Mic.Common.csproj", "{9ED59C7D-AC60-4E55-527C-3A46ECEF6467}"
EndProject
Project("{FAE04EC0-301F-11D3-BF4B-00C04F79EFBC}") = "Meta.WitAi.Editor", "Meta.WitAi.Editor.csproj", "{32B0E499-E7FB-49C1-EC72-F44EC2E59CF6}"
EndProject
Project("{FAE04EC0-301F-11D3-BF4B-00C04F79EFBC}") = "Oculus.Interaction.Editor", "Oculus.Interaction.Editor.csproj", "{30CFB17B-8393-E5DF-7822-E9626E348D81}"
EndProject
Project("{FAE04EC0-301F-11D3-BF4B-00C04F79EFBC}") = "Meta.WitAI.Lib.Editor", "Meta.WitAI.Lib.Editor.csproj", "{FAD1EB07-1381-30BF-C837-8C168348EFFC}"
EndProject
Project("{FAE04EC0-301F-11D3-BF4B-00C04F79EFBC}") = "Oculus.VR.Editor", "Oculus.VR.Editor.csproj", "{88243824-1CE9-AF57-2D58-8AF6B636C147}"
EndProject
Project("{FAE04EC0-301F-11D3-BF4B-00C04F79EFBC}") = "Meta.WitAi.Conduit.Editor", "Meta.WitAi.Conduit.Editor.csproj", "{153F9AA2-256C-AFF9-EAEC-C130A6182754}"
EndProject
Project("{FAE04EC0-301F-11D3-BF4B-00C04F79EFBC}") = "Oculus.Interaction.OVR.Editor", "Oculus.Interaction.OVR.Editor.csproj", "{7CF3F841-E78F-964C-E43F-FE959F0FECB7}"
EndProject
Project("{FAE04EC0-301F-11D3-BF4B-00C04F79EFBC}") = "Assembly-CSharp-Editor", "Assembly-CSharp-Editor.csproj", "{C25EB429-607D-9046-CB09-7023A64AD85B}"
EndProject
Project("{FAE04EC0-301F-11D3-BF4B-00C04F79EFBC}") = "Oculus.Interaction.Samples.Editor", "Oculus.Interaction.Samples.Editor.csproj", "{7F16FED1-98BD-E58F-55C0-6F587EA8E606}"
EndProject
Project("{FAE04EC0-301F-11D3-BF4B-00C04F79EFBC}") = "Oculus.VR.Scripts.Editor", "Oculus.VR.Scripts.Editor.csproj", "{92A2758F-CFD8-EAB1-618F-3A8C18B4FF19}"
EndProject
Project("{FAE04EC0-301F-11D3-BF4B-00C04F79EFBC}") = "VoiceSDK.Editor", "VoiceSDK.Editor.csproj", "{81F4FC1A-50ED-D1E6-8269-2E2D6C0354F1}"
EndProject
Project("{FAE04EC0-301F-11D3-BF4B-00C04F79EFBC}") = "Oculus.Spatializer.Editor", "Oculus.Spatializer.Editor.csproj", "{1F1D7AFF-FF8B-EA27-1BA8-EAD686D63299}"
EndProject
Project("{FAE04EC0-301F-11D3-BF4B-00C04F79EFBC}") = "Meta.WitAi.TTS.Editor", "Meta.WitAi.TTS.Editor.csproj", "{CB1F7171-94AD-EC16-AC73-9254EADC56A2}"
EndProject
Project("{FAE04EC0-301F-11D3-BF4B-00C04F79EFBC}") = "Facebook.Wit.Dictation.Editor", "Facebook.Wit.Dictation.Editor.csproj", "{AABEDA46-17E1-71E7-0548-F951B60384AE}"
EndProject
Project("{FAE04EC0-301F-11D3-BF4B-00C04F79EFBC}") = "VoiceSDK.Dictation.Editor", "VoiceSDK.Dictation.Editor.csproj", "{BA6B59FC-567B-1522-B44B-FB7144CCBC62}"
EndProject
Project("{FAE04EC0-301F-11D3-BF4B-00C04F79EFBC}") = "Oculus.Platform.Editor", "Oculus.Platform.Editor.csproj", "{54C6EBF8-947F-ACD9-F695-339EF20A23BA}"
EndProject
Project("{FAE04EC0-301F-11D3-BF4B-00C04F79EFBC}") = "Oculus.AudioManager.Audio.Editor", "Oculus.AudioManager.Audio.Editor.csproj", "{8F6AEA9F-6C06-DC1F-F05A-767E162A55F8}"
EndProject
Project("{FAE04EC0-301F-11D3-BF4B-00C04F79EFBC}") = "Oculus.Interaction.InterfaceSupport", "Oculus.Interaction.InterfaceSupport.csproj", "{6CE72F63-944F-EF92-D874-1D5DE75022B9}"
EndProject
Project("{FAE04EC0-301F-11D3-BF4B-00C04F79EFBC}") = "Oculus.LipSync.Editor", "Oculus.LipSync.Editor.csproj", "{819FC358-74AC-87CC-540C-7237DE949008}"
EndProject
Project("{FAE04EC0-301F-11D3-BF4B-00C04F79EFBC}") = "AssistantCoreSDKEditor", "AssistantCoreSDKEditor.csproj", "{B1921CBB-F39F-D336-FB3D-463474B35D95}"
EndProject
Project("{FAE04EC0-301F-11D3-BF4B-00C04F79EFBC}") = "Oculus.AudioManager.Utils.Editor", "Oculus.AudioManager.Utils.Editor.csproj", "{E66276BC-8FB1-13EF-1205-F4FCB1239660}"
EndProject
Global
	GlobalSection(SolutionConfigurationPlatforms) = preSolution
		Debug|Any CPU = Debug|Any CPU
		Release|Any CPU = Release|Any CPU
	EndGlobalSection
	GlobalSection(ProjectConfigurationPlatforms) = postSolution
		{B9066368-3A12-B206-1554-284C582D9127}.Debug|Any CPU.ActiveCfg = Debug|Any CPU
		{B9066368-3A12-B206-1554-284C582D9127}.Debug|Any CPU.Build.0 = Debug|Any CPU
		{B9066368-3A12-B206-1554-284C582D9127}.Release|Any CPU.ActiveCfg = Release|Any CPU
		{B9066368-3A12-B206-1554-284C582D9127}.Release|Any CPU.Build.0 = Release|Any CPU
		{56213054-8D35-2519-440F-7C9F670BBB37}.Debug|Any CPU.ActiveCfg = Debug|Any CPU
		{56213054-8D35-2519-440F-7C9F670BBB37}.Debug|Any CPU.Build.0 = Debug|Any CPU
		{56213054-8D35-2519-440F-7C9F670BBB37}.Release|Any CPU.ActiveCfg = Release|Any CPU
		{56213054-8D35-2519-440F-7C9F670BBB37}.Release|Any CPU.Build.0 = Release|Any CPU
		{F078466F-D8FA-E3CD-1AF9-CACEE0124E34}.Debug|Any CPU.ActiveCfg = Debug|Any CPU
		{F078466F-D8FA-E3CD-1AF9-CACEE0124E34}.Debug|Any CPU.Build.0 = Debug|Any CPU
		{F078466F-D8FA-E3CD-1AF9-CACEE0124E34}.Release|Any CPU.ActiveCfg = Release|Any CPU
		{F078466F-D8FA-E3CD-1AF9-CACEE0124E34}.Release|Any CPU.Build.0 = Release|Any CPU
		{4549D0A4-F3F2-95C7-2E64-947F6548F845}.Debug|Any CPU.ActiveCfg = Debug|Any CPU
		{4549D0A4-F3F2-95C7-2E64-947F6548F845}.Debug|Any CPU.Build.0 = Debug|Any CPU
		{4549D0A4-F3F2-95C7-2E64-947F6548F845}.Release|Any CPU.ActiveCfg = Release|Any CPU
		{4549D0A4-F3F2-95C7-2E64-947F6548F845}.Release|Any CPU.Build.0 = Release|Any CPU
		{52FAE68B-09D1-219C-912A-2BC61CD2FE3E}.Debug|Any CPU.ActiveCfg = Debug|Any CPU
		{52FAE68B-09D1-219C-912A-2BC61CD2FE3E}.Debug|Any CPU.Build.0 = Debug|Any CPU
		{52FAE68B-09D1-219C-912A-2BC61CD2FE3E}.Release|Any CPU.ActiveCfg = Release|Any CPU
		{52FAE68B-09D1-219C-912A-2BC61CD2FE3E}.Release|Any CPU.Build.0 = Release|Any CPU
		{3AA71BAF-A4CC-D09A-94ED-278202488F4F}.Debug|Any CPU.ActiveCfg = Debug|Any CPU
		{3AA71BAF-A4CC-D09A-94ED-278202488F4F}.Debug|Any CPU.Build.0 = Debug|Any CPU
		{3AA71BAF-A4CC-D09A-94ED-278202488F4F}.Release|Any CPU.ActiveCfg = Release|Any CPU
		{3AA71BAF-A4CC-D09A-94ED-278202488F4F}.Release|Any CPU.Build.0 = Release|Any CPU
		{569B9988-4012-5EA2-080E-EC66D876679F}.Debug|Any CPU.ActiveCfg = Debug|Any CPU
		{569B9988-4012-5EA2-080E-EC66D876679F}.Debug|Any CPU.Build.0 = Debug|Any CPU
		{569B9988-4012-5EA2-080E-EC66D876679F}.Release|Any CPU.ActiveCfg = Release|Any CPU
		{569B9988-4012-5EA2-080E-EC66D876679F}.Release|Any CPU.Build.0 = Release|Any CPU
		{8C3811F0-56E8-4129-453D-25125E3BD37F}.Debug|Any CPU.ActiveCfg = Debug|Any CPU
		{8C3811F0-56E8-4129-453D-25125E3BD37F}.Debug|Any CPU.Build.0 = Debug|Any CPU
		{8C3811F0-56E8-4129-453D-25125E3BD37F}.Release|Any CPU.ActiveCfg = Release|Any CPU
		{8C3811F0-56E8-4129-453D-25125E3BD37F}.Release|Any CPU.Build.0 = Release|Any CPU
		{80A5279C-3E9D-9EDA-D01A-25C3FCEC9BE9}.Debug|Any CPU.ActiveCfg = Debug|Any CPU
		{80A5279C-3E9D-9EDA-D01A-25C3FCEC9BE9}.Debug|Any CPU.Build.0 = Debug|Any CPU
		{80A5279C-3E9D-9EDA-D01A-25C3FCEC9BE9}.Release|Any CPU.ActiveCfg = Release|Any CPU
		{80A5279C-3E9D-9EDA-D01A-25C3FCEC9BE9}.Release|Any CPU.Build.0 = Release|Any CPU
		{764CFB4D-9D0C-835B-4B13-9264B75CB842}.Debug|Any CPU.ActiveCfg = Debug|Any CPU
		{764CFB4D-9D0C-835B-4B13-9264B75CB842}.Debug|Any CPU.Build.0 = Debug|Any CPU
		{764CFB4D-9D0C-835B-4B13-9264B75CB842}.Release|Any CPU.ActiveCfg = Release|Any CPU
		{764CFB4D-9D0C-835B-4B13-9264B75CB842}.Release|Any CPU.Build.0 = Release|Any CPU
		{8E7B7E06-58C3-3160-5305-D1763FD01B89}.Debug|Any CPU.ActiveCfg = Debug|Any CPU
		{8E7B7E06-58C3-3160-5305-D1763FD01B89}.Debug|Any CPU.Build.0 = Debug|Any CPU
		{8E7B7E06-58C3-3160-5305-D1763FD01B89}.Release|Any CPU.ActiveCfg = Release|Any CPU
		{8E7B7E06-58C3-3160-5305-D1763FD01B89}.Release|Any CPU.Build.0 = Release|Any CPU
		{0F2AEC95-4E95-D30C-681D-F114F590C971}.Debug|Any CPU.ActiveCfg = Debug|Any CPU
		{0F2AEC95-4E95-D30C-681D-F114F590C971}.Debug|Any CPU.Build.0 = Debug|Any CPU
		{0F2AEC95-4E95-D30C-681D-F114F590C971}.Release|Any CPU.ActiveCfg = Release|Any CPU
		{0F2AEC95-4E95-D30C-681D-F114F590C971}.Release|Any CPU.Build.0 = Release|Any CPU
		{A5AECAB6-22B4-909A-12BF-20544B74BEDA}.Debug|Any CPU.ActiveCfg = Debug|Any CPU
		{A5AECAB6-22B4-909A-12BF-20544B74BEDA}.Debug|Any CPU.Build.0 = Debug|Any CPU
		{A5AECAB6-22B4-909A-12BF-20544B74BEDA}.Release|Any CPU.ActiveCfg = Release|Any CPU
		{A5AECAB6-22B4-909A-12BF-20544B74BEDA}.Release|Any CPU.Build.0 = Release|Any CPU
		{232CF85C-A1AA-2267-4616-101DADCBD140}.Debug|Any CPU.ActiveCfg = Debug|Any CPU
		{232CF85C-A1AA-2267-4616-101DADCBD140}.Debug|Any CPU.Build.0 = Debug|Any CPU
		{232CF85C-A1AA-2267-4616-101DADCBD140}.Release|Any CPU.ActiveCfg = Release|Any CPU
		{232CF85C-A1AA-2267-4616-101DADCBD140}.Release|Any CPU.Build.0 = Release|Any CPU
		{C7D2576C-EED0-AF78-5AF7-2137C30198F6}.Debug|Any CPU.ActiveCfg = Debug|Any CPU
		{C7D2576C-EED0-AF78-5AF7-2137C30198F6}.Debug|Any CPU.Build.0 = Debug|Any CPU
		{C7D2576C-EED0-AF78-5AF7-2137C30198F6}.Release|Any CPU.ActiveCfg = Release|Any CPU
		{C7D2576C-EED0-AF78-5AF7-2137C30198F6}.Release|Any CPU.Build.0 = Release|Any CPU
		{55792AB7-BB75-B602-77C1-A2236F83C337}.Debug|Any CPU.ActiveCfg = Debug|Any CPU
		{55792AB7-BB75-B602-77C1-A2236F83C337}.Debug|Any CPU.Build.0 = Debug|Any CPU
		{55792AB7-BB75-B602-77C1-A2236F83C337}.Release|Any CPU.ActiveCfg = Release|Any CPU
		{55792AB7-BB75-B602-77C1-A2236F83C337}.Release|Any CPU.Build.0 = Release|Any CPU
		{722B5422-FD7A-4413-BD39-6A122B055BA9}.Debug|Any CPU.ActiveCfg = Debug|Any CPU
		{722B5422-FD7A-4413-BD39-6A122B055BA9}.Debug|Any CPU.Build.0 = Debug|Any CPU
		{722B5422-FD7A-4413-BD39-6A122B055BA9}.Release|Any CPU.ActiveCfg = Release|Any CPU
		{722B5422-FD7A-4413-BD39-6A122B055BA9}.Release|Any CPU.Build.0 = Release|Any CPU
		{24B386DF-2784-B26C-27FF-544FC23B4670}.Debug|Any CPU.ActiveCfg = Debug|Any CPU
		{24B386DF-2784-B26C-27FF-544FC23B4670}.Debug|Any CPU.Build.0 = Debug|Any CPU
		{24B386DF-2784-B26C-27FF-544FC23B4670}.Release|Any CPU.ActiveCfg = Release|Any CPU
		{24B386DF-2784-B26C-27FF-544FC23B4670}.Release|Any CPU.Build.0 = Release|Any CPU
		{17A82E9C-4B51-379C-B694-6855D141A193}.Debug|Any CPU.ActiveCfg = Debug|Any CPU
		{17A82E9C-4B51-379C-B694-6855D141A193}.Debug|Any CPU.Build.0 = Debug|Any CPU
		{17A82E9C-4B51-379C-B694-6855D141A193}.Release|Any CPU.ActiveCfg = Release|Any CPU
		{17A82E9C-4B51-379C-B694-6855D141A193}.Release|Any CPU.Build.0 = Release|Any CPU
		{774E5E22-800D-BC8B-8865-89818AD5C615}.Debug|Any CPU.ActiveCfg = Debug|Any CPU
		{774E5E22-800D-BC8B-8865-89818AD5C615}.Debug|Any CPU.Build.0 = Debug|Any CPU
		{774E5E22-800D-BC8B-8865-89818AD5C615}.Release|Any CPU.ActiveCfg = Release|Any CPU
		{774E5E22-800D-BC8B-8865-89818AD5C615}.Release|Any CPU.Build.0 = Release|Any CPU
		{9ED59C7D-AC60-4E55-527C-3A46ECEF6467}.Debug|Any CPU.ActiveCfg = Debug|Any CPU
		{9ED59C7D-AC60-4E55-527C-3A46ECEF6467}.Debug|Any CPU.Build.0 = Debug|Any CPU
		{9ED59C7D-AC60-4E55-527C-3A46ECEF6467}.Release|Any CPU.ActiveCfg = Release|Any CPU
		{9ED59C7D-AC60-4E55-527C-3A46ECEF6467}.Release|Any CPU.Build.0 = Release|Any CPU
		{32B0E499-E7FB-49C1-EC72-F44EC2E59CF6}.Debug|Any CPU.ActiveCfg = Debug|Any CPU
		{32B0E499-E7FB-49C1-EC72-F44EC2E59CF6}.Debug|Any CPU.Build.0 = Debug|Any CPU
		{32B0E499-E7FB-49C1-EC72-F44EC2E59CF6}.Release|Any CPU.ActiveCfg = Release|Any CPU
		{32B0E499-E7FB-49C1-EC72-F44EC2E59CF6}.Release|Any CPU.Build.0 = Release|Any CPU
		{30CFB17B-8393-E5DF-7822-E9626E348D81}.Debug|Any CPU.ActiveCfg = Debug|Any CPU
		{30CFB17B-8393-E5DF-7822-E9626E348D81}.Debug|Any CPU.Build.0 = Debug|Any CPU
		{30CFB17B-8393-E5DF-7822-E9626E348D81}.Release|Any CPU.ActiveCfg = Release|Any CPU
		{30CFB17B-8393-E5DF-7822-E9626E348D81}.Release|Any CPU.Build.0 = Release|Any CPU
		{FAD1EB07-1381-30BF-C837-8C168348EFFC}.Debug|Any CPU.ActiveCfg = Debug|Any CPU
		{FAD1EB07-1381-30BF-C837-8C168348EFFC}.Debug|Any CPU.Build.0 = Debug|Any CPU
		{FAD1EB07-1381-30BF-C837-8C168348EFFC}.Release|Any CPU.ActiveCfg = Release|Any CPU
		{FAD1EB07-1381-30BF-C837-8C168348EFFC}.Release|Any CPU.Build.0 = Release|Any CPU
		{88243824-1CE9-AF57-2D58-8AF6B636C147}.Debug|Any CPU.ActiveCfg = Debug|Any CPU
		{88243824-1CE9-AF57-2D58-8AF6B636C147}.Debug|Any CPU.Build.0 = Debug|Any CPU
		{88243824-1CE9-AF57-2D58-8AF6B636C147}.Release|Any CPU.ActiveCfg = Release|Any CPU
		{88243824-1CE9-AF57-2D58-8AF6B636C147}.Release|Any CPU.Build.0 = Release|Any CPU
		{153F9AA2-256C-AFF9-EAEC-C130A6182754}.Debug|Any CPU.ActiveCfg = Debug|Any CPU
		{153F9AA2-256C-AFF9-EAEC-C130A6182754}.Debug|Any CPU.Build.0 = Debug|Any CPU
		{153F9AA2-256C-AFF9-EAEC-C130A6182754}.Release|Any CPU.ActiveCfg = Release|Any CPU
		{153F9AA2-256C-AFF9-EAEC-C130A6182754}.Release|Any CPU.Build.0 = Release|Any CPU
		{7CF3F841-E78F-964C-E43F-FE959F0FECB7}.Debug|Any CPU.ActiveCfg = Debug|Any CPU
		{7CF3F841-E78F-964C-E43F-FE959F0FECB7}.Debug|Any CPU.Build.0 = Debug|Any CPU
		{7CF3F841-E78F-964C-E43F-FE959F0FECB7}.Release|Any CPU.ActiveCfg = Release|Any CPU
		{7CF3F841-E78F-964C-E43F-FE959F0FECB7}.Release|Any CPU.Build.0 = Release|Any CPU
		{C25EB429-607D-9046-CB09-7023A64AD85B}.Debug|Any CPU.ActiveCfg = Debug|Any CPU
		{C25EB429-607D-9046-CB09-7023A64AD85B}.Debug|Any CPU.Build.0 = Debug|Any CPU
		{C25EB429-607D-9046-CB09-7023A64AD85B}.Release|Any CPU.ActiveCfg = Release|Any CPU
		{C25EB429-607D-9046-CB09-7023A64AD85B}.Release|Any CPU.Build.0 = Release|Any CPU
		{7F16FED1-98BD-E58F-55C0-6F587EA8E606}.Debug|Any CPU.ActiveCfg = Debug|Any CPU
		{7F16FED1-98BD-E58F-55C0-6F587EA8E606}.Debug|Any CPU.Build.0 = Debug|Any CPU
		{7F16FED1-98BD-E58F-55C0-6F587EA8E606}.Release|Any CPU.ActiveCfg = Release|Any CPU
		{7F16FED1-98BD-E58F-55C0-6F587EA8E606}.Release|Any CPU.Build.0 = Release|Any CPU
		{92A2758F-CFD8-EAB1-618F-3A8C18B4FF19}.Debug|Any CPU.ActiveCfg = Debug|Any CPU
		{92A2758F-CFD8-EAB1-618F-3A8C18B4FF19}.Debug|Any CPU.Build.0 = Debug|Any CPU
		{92A2758F-CFD8-EAB1-618F-3A8C18B4FF19}.Release|Any CPU.ActiveCfg = Release|Any CPU
		{92A2758F-CFD8-EAB1-618F-3A8C18B4FF19}.Release|Any CPU.Build.0 = Release|Any CPU
		{81F4FC1A-50ED-D1E6-8269-2E2D6C0354F1}.Debug|Any CPU.ActiveCfg = Debug|Any CPU
		{81F4FC1A-50ED-D1E6-8269-2E2D6C0354F1}.Debug|Any CPU.Build.0 = Debug|Any CPU
		{81F4FC1A-50ED-D1E6-8269-2E2D6C0354F1}.Release|Any CPU.ActiveCfg = Release|Any CPU
		{81F4FC1A-50ED-D1E6-8269-2E2D6C0354F1}.Release|Any CPU.Build.0 = Release|Any CPU
		{1F1D7AFF-FF8B-EA27-1BA8-EAD686D63299}.Debug|Any CPU.ActiveCfg = Debug|Any CPU
		{1F1D7AFF-FF8B-EA27-1BA8-EAD686D63299}.Debug|Any CPU.Build.0 = Debug|Any CPU
		{1F1D7AFF-FF8B-EA27-1BA8-EAD686D63299}.Release|Any CPU.ActiveCfg = Release|Any CPU
		{1F1D7AFF-FF8B-EA27-1BA8-EAD686D63299}.Release|Any CPU.Build.0 = Release|Any CPU
		{CB1F7171-94AD-EC16-AC73-9254EADC56A2}.Debug|Any CPU.ActiveCfg = Debug|Any CPU
		{CB1F7171-94AD-EC16-AC73-9254EADC56A2}.Debug|Any CPU.Build.0 = Debug|Any CPU
		{CB1F7171-94AD-EC16-AC73-9254EADC56A2}.Release|Any CPU.ActiveCfg = Release|Any CPU
		{CB1F7171-94AD-EC16-AC73-9254EADC56A2}.Release|Any CPU.Build.0 = Release|Any CPU
		{AABEDA46-17E1-71E7-0548-F951B60384AE}.Debug|Any CPU.ActiveCfg = Debug|Any CPU
		{AABEDA46-17E1-71E7-0548-F951B60384AE}.Debug|Any CPU.Build.0 = Debug|Any CPU
		{AABEDA46-17E1-71E7-0548-F951B60384AE}.Release|Any CPU.ActiveCfg = Release|Any CPU
		{AABEDA46-17E1-71E7-0548-F951B60384AE}.Release|Any CPU.Build.0 = Release|Any CPU
		{BA6B59FC-567B-1522-B44B-FB7144CCBC62}.Debug|Any CPU.ActiveCfg = Debug|Any CPU
		{BA6B59FC-567B-1522-B44B-FB7144CCBC62}.Debug|Any CPU.Build.0 = Debug|Any CPU
		{BA6B59FC-567B-1522-B44B-FB7144CCBC62}.Release|Any CPU.ActiveCfg = Release|Any CPU
		{BA6B59FC-567B-1522-B44B-FB7144CCBC62}.Release|Any CPU.Build.0 = Release|Any CPU
		{54C6EBF8-947F-ACD9-F695-339EF20A23BA}.Debug|Any CPU.ActiveCfg = Debug|Any CPU
		{54C6EBF8-947F-ACD9-F695-339EF20A23BA}.Debug|Any CPU.Build.0 = Debug|Any CPU
		{54C6EBF8-947F-ACD9-F695-339EF20A23BA}.Release|Any CPU.ActiveCfg = Release|Any CPU
		{54C6EBF8-947F-ACD9-F695-339EF20A23BA}.Release|Any CPU.Build.0 = Release|Any CPU
		{8F6AEA9F-6C06-DC1F-F05A-767E162A55F8}.Debug|Any CPU.ActiveCfg = Debug|Any CPU
		{8F6AEA9F-6C06-DC1F-F05A-767E162A55F8}.Debug|Any CPU.Build.0 = Debug|Any CPU
		{8F6AEA9F-6C06-DC1F-F05A-767E162A55F8}.Release|Any CPU.ActiveCfg = Release|Any CPU
		{8F6AEA9F-6C06-DC1F-F05A-767E162A55F8}.Release|Any CPU.Build.0 = Release|Any CPU
		{6CE72F63-944F-EF92-D874-1D5DE75022B9}.Debug|Any CPU.ActiveCfg = Debug|Any CPU
		{6CE72F63-944F-EF92-D874-1D5DE75022B9}.Debug|Any CPU.Build.0 = Debug|Any CPU
		{6CE72F63-944F-EF92-D874-1D5DE75022B9}.Release|Any CPU.ActiveCfg = Release|Any CPU
		{6CE72F63-944F-EF92-D874-1D5DE75022B9}.Release|Any CPU.Build.0 = Release|Any CPU
		{819FC358-74AC-87CC-540C-7237DE949008}.Debug|Any CPU.ActiveCfg = Debug|Any CPU
		{819FC358-74AC-87CC-540C-7237DE949008}.Debug|Any CPU.Build.0 = Debug|Any CPU
		{819FC358-74AC-87CC-540C-7237DE949008}.Release|Any CPU.ActiveCfg = Release|Any CPU
		{819FC358-74AC-87CC-540C-7237DE949008}.Release|Any CPU.Build.0 = Release|Any CPU
		{B1921CBB-F39F-D336-FB3D-463474B35D95}.Debug|Any CPU.ActiveCfg = Debug|Any CPU
		{B1921CBB-F39F-D336-FB3D-463474B35D95}.Debug|Any CPU.Build.0 = Debug|Any CPU
		{B1921CBB-F39F-D336-FB3D-463474B35D95}.Release|Any CPU.ActiveCfg = Release|Any CPU
		{B1921CBB-F39F-D336-FB3D-463474B35D95}.Release|Any CPU.Build.0 = Release|Any CPU
		{E66276BC-8FB1-13EF-1205-F4FCB1239660}.Debug|Any CPU.ActiveCfg = Debug|Any CPU
		{E66276BC-8FB1-13EF-1205-F4FCB1239660}.Debug|Any CPU.Build.0 = Debug|Any CPU
		{E66276BC-8FB1-13EF-1205-F4FCB1239660}.Release|Any CPU.ActiveCfg = Release|Any CPU
		{E66276BC-8FB1-13EF-1205-F4FCB1239660}.Release|Any CPU.Build.0 = Release|Any CPU
	EndGlobalSection
	GlobalSection(SolutionProperties) = preSolution
		HideSolutionNode = FALSE
	EndGlobalSection
EndGlobal
