
Microsoft Visual Studio Solution File, Format Version 12.00
# Visual Studio 15
Project("{FAE04EC0-301F-11D3-BF4B-00C04F79EFBC}") = "Oculus.Platform", "Oculus.Platform.csproj", "{3554C8F3-48E2-5F71-9EDB-D70473E91F66}"
EndProject
Project("{FAE04EC0-301F-11D3-BF4B-00C04F79EFBC}") = "Assembly-CSharp", "Assembly-CSharp.csproj", "{33A03731-C8E7-32C3-D9F5-549268516D5F}"
EndProject
Project("{FAE04EC0-301F-11D3-BF4B-00C04F79EFBC}") = "Oculus.Spatializer", "Oculus.Spatializer.csproj", "{A83C37C3-7FC5-C40A-8F50-718FF9CB8B42}"
EndProject
Project("{FAE04EC0-301F-11D3-BF4B-00C04F79EFBC}") = "Oculus.Interaction", "Oculus.Interaction.csproj", "{FABE7B1F-66A1-A512-9E9D-D5DB6394817F}"
EndProject
Project("{FAE04EC0-301F-11D3-BF4B-00C04F79EFBC}") = "Meta.WitAi", "Meta.WitAi.csproj", "{8D0450CE-2AD9-95B2-D4ED-92210A9579C3}"
EndProject
Project("{FAE04EC0-301F-11D3-BF4B-00C04F79EFBC}") = "Oculus.Interaction.OVR.Samples", "Oculus.Interaction.OVR.Samples.csproj", "{92B14CE4-38A1-7DA9-453E-5FD81E63E028}"
EndProject
Project("{FAE04EC0-301F-11D3-BF4B-00C04F79EFBC}") = "Oculus.VR", "Oculus.VR.csproj", "{8D75AF5F-9460-E763-EC68-F96CBC272655}"
EndProject
Project("{FAE04EC0-301F-11D3-BF4B-00C04F79EFBC}") = "VoiceSDK.Dictation.Runtime", "VoiceSDK.Dictation.Runtime.csproj", "{ECCF1215-2E93-1589-80A9-33DCC0D1D277}"
EndProject
Project("{FAE04EC0-301F-11D3-BF4B-00C04F79EFBC}") = "Meta.WitAi.TTS", "Meta.WitAi.TTS.csproj", "{897611F0-A66E-03A6-A95E-444BE8FCC4A2}"
EndProject
Project("{FAE04EC0-301F-11D3-BF4B-00C04F79EFBC}") = "Oculus.AudioManager", "Oculus.AudioManager.csproj", "{FEA04079-4330-C757-8403-D052DEEDC596}"
EndProject
Project("{FAE04EC0-301F-11D3-BF4B-00C04F79EFBC}") = "VoiceSDK.Runtime", "VoiceSDK.Runtime.csproj", "{BA5BC335-7954-170C-6000-E77FBECCD027}"
EndProject
Project("{FAE04EC0-301F-11D3-BF4B-00C04F79EFBC}") = "Facebook.Wit.Dictation", "Facebook.Wit.Dictation.csproj", "{EA1B7344-7D53-3AB9-12C7-F184DCFCF1DF}"
EndProject
Project("{FAE04EC0-301F-11D3-BF4B-00C04F79EFBC}") = "Meta.WitAi.Lib", "Meta.WitAi.Lib.csproj", "{5DA4985A-06D7-2330-5E24-9863B18A6625}"
EndProject
Project("{FAE04EC0-301F-11D3-BF4B-00C04F79EFBC}") = "Meta.WitAi.TTS.Samples", "Meta.WitAi.TTS.Samples.csproj", "{137B6FEC-20D4-A459-2391-DA1F326B615E}"
EndProject
Project("{FAE04EC0-301F-11D3-BF4B-00C04F79EFBC}") = "Oculus.Voice.Demo", "Oculus.Voice.Demo.csproj", "{2D1C9C6F-1072-1CA3-63DF-A48115B6CD30}"
EndProject
Project("{FAE04EC0-301F-11D3-BF4B-00C04F79EFBC}") = "Oculus.Interaction.OVR", "Oculus.Interaction.OVR.csproj", "{66798CDF-B6F7-CA13-6CA6-C36B81E7F5E3}"
EndProject
Project("{FAE04EC0-301F-11D3-BF4B-00C04F79EFBC}") = "AssistantCoreSDKRuntime", "AssistantCoreSDKRuntime.csproj", "{18EE341F-7B6A-FB4E-CE5B-74F64FF628EF}"
EndProject
Project("{FAE04EC0-301F-11D3-BF4B-00C04F79EFBC}") = "Meta.WitAi.Conduit", "Meta.WitAi.Conduit.csproj", "{3D5FDC03-3D32-E7E9-92F9-21D1BF5A2D07}"
EndProject
Project("{FAE04EC0-301F-11D3-BF4B-00C04F79EFBC}") = "Oculus.LipSync", "Oculus.LipSync.csproj", "{0ED13724-CF9C-AA45-89D2-BE59E5407DD0}"
EndProject
Project("{FAE04EC0-301F-11D3-BF4B-00C04F79EFBC}") = "Meta.VoiceSDK.Mic.Other", "Meta.VoiceSDK.Mic.Other.csproj", "{82D8951B-AA6C-7855-2FBD-BABCA8E71F26}"
EndProject
Project("{FAE04EC0-301F-11D3-BF4B-00C04F79EFBC}") = "Meta.VoiceSDK.Mic.Common", "Meta.VoiceSDK.Mic.Common.csproj", "{59973043-E96E-3BCD-AFE9-B1BA129BF7EB}"
EndProject
Project("{FAE04EC0-301F-11D3-BF4B-00C04F79EFBC}") = "Meta.WitAi.Editor", "Meta.WitAi.Editor.csproj", "{B66B1425-037D-5338-794C-D38EF6062473}"
EndProject
Project("{FAE04EC0-301F-11D3-BF4B-00C04F79EFBC}") = "Oculus.Interaction.Editor", "Oculus.Interaction.Editor.csproj", "{7CDD46D9-7E47-2E4B-EF53-54AF351240F9}"
EndProject
Project("{FAE04EC0-301F-11D3-BF4B-00C04F79EFBC}") = "Meta.WitAI.Lib.Editor", "Meta.WitAI.Lib.Editor.csproj", "{F92086D3-B0A4-3BE7-9986-A4EFF20E892D}"
EndProject
Project("{FAE04EC0-301F-11D3-BF4B-00C04F79EFBC}") = "Oculus.VR.Editor", "Oculus.VR.Editor.csproj", "{212B5A09-3916-16AF-A140-E5B2AA00AAF0}"
EndProject
Project("{FAE04EC0-301F-11D3-BF4B-00C04F79EFBC}") = "Meta.WitAi.Conduit.Editor", "Meta.WitAi.Conduit.Editor.csproj", "{292DEC36-6E09-7E76-A58B-DD00E96B784E}"
EndProject
Project("{FAE04EC0-301F-11D3-BF4B-00C04F79EFBC}") = "Oculus.Interaction.OVR.Editor", "Oculus.Interaction.OVR.Editor.csproj", "{AAA20BD7-6707-C900-412F-7355F6413157}"
EndProject
Project("{FAE04EC0-301F-11D3-BF4B-00C04F79EFBC}") = "Assembly-CSharp-Editor", "Assembly-CSharp-Editor.csproj", "{CE5CCF27-CB05-DD22-3F24-48857DFE84A8}"
EndProject
Project("{FAE04EC0-301F-11D3-BF4B-00C04F79EFBC}") = "Oculus.Interaction.Samples.Editor", "Oculus.Interaction.Samples.Editor.csproj", "{6BCED7E8-59B6-E77B-C4D2-F5AC2B809E82}"
EndProject
Project("{FAE04EC0-301F-11D3-BF4B-00C04F79EFBC}") = "Oculus.VR.Scripts.Editor", "Oculus.VR.Scripts.Editor.csproj", "{C27280A3-3DEF-3633-95C4-8E9DE5F2DF6C}"
EndProject
Project("{FAE04EC0-301F-11D3-BF4B-00C04F79EFBC}") = "VoiceSDK.Editor", "VoiceSDK.Editor.csproj", "{F15074B4-9D1A-69F2-DFA7-4FEDA4FD2C71}"
EndProject
Project("{FAE04EC0-301F-11D3-BF4B-00C04F79EFBC}") = "Oculus.Spatializer.Editor", "Oculus.Spatializer.Editor.csproj", "{1C7B6250-E824-4866-D6C3-672AD93B7B23}"
EndProject
Project("{FAE04EC0-301F-11D3-BF4B-00C04F79EFBC}") = "Meta.WitAi.TTS.Editor", "Meta.WitAi.TTS.Editor.csproj", "{E9AA4032-720B-CDEE-E1A9-DA5075700D13}"
EndProject
Project("{FAE04EC0-301F-11D3-BF4B-00C04F79EFBC}") = "Facebook.Wit.Dictation.Editor", "Facebook.Wit.Dictation.Editor.csproj", "{2ACD1386-3B0F-D742-C4AB-C7844E4F5C3D}"
EndProject
Project("{FAE04EC0-301F-11D3-BF4B-00C04F79EFBC}") = "VoiceSDK.Dictation.Editor", "VoiceSDK.Dictation.Editor.csproj", "{F22D2E96-1969-8FC2-0A7B-D01230798D44}"
EndProject
Project("{FAE04EC0-301F-11D3-BF4B-00C04F79EFBC}") = "Oculus.Platform.Editor", "Oculus.Platform.Editor.csproj", "{A39E79B4-08CA-EAD3-2DE1-E7974060A306}"
EndProject
Project("{FAE04EC0-301F-11D3-BF4B-00C04F79EFBC}") = "Oculus.AudioManager.Audio.Editor", "Oculus.AudioManager.Audio.Editor.csproj", "{BC2DD3A7-D014-13B1-4A06-0723A4D21640}"
EndProject
Project("{FAE04EC0-301F-11D3-BF4B-00C04F79EFBC}") = "Oculus.Interaction.InterfaceSupport", "Oculus.Interaction.InterfaceSupport.csproj", "{0C9202CB-A41C-3FCD-E582-9D55226A54A8}"
EndProject
Project("{FAE04EC0-301F-11D3-BF4B-00C04F79EFBC}") = "Oculus.LipSync.Editor", "Oculus.LipSync.Editor.csproj", "{62619079-8AA5-35F2-849C-5AF09A2A83AF}"
EndProject
Project("{FAE04EC0-301F-11D3-BF4B-00C04F79EFBC}") = "AssistantCoreSDKEditor", "AssistantCoreSDKEditor.csproj", "{E60829E3-936D-191A-6745-F125AD34F305}"
EndProject
Project("{FAE04EC0-301F-11D3-BF4B-00C04F79EFBC}") = "Oculus.AudioManager.Utils.Editor", "Oculus.AudioManager.Utils.Editor.csproj", "{AC8F032B-DA1A-8927-39E5-805ECC8F55B0}"
EndProject
Global
	GlobalSection(SolutionConfigurationPlatforms) = preSolution
		Debug|Any CPU = Debug|Any CPU
		Release|Any CPU = Release|Any CPU
	EndGlobalSection
	GlobalSection(ProjectConfigurationPlatforms) = postSolution
		{3554C8F3-48E2-5F71-9EDB-D70473E91F66}.Debug|Any CPU.ActiveCfg = Debug|Any CPU
		{3554C8F3-48E2-5F71-9EDB-D70473E91F66}.Debug|Any CPU.Build.0 = Debug|Any CPU
		{3554C8F3-48E2-5F71-9EDB-D70473E91F66}.Release|Any CPU.ActiveCfg = Release|Any CPU
		{3554C8F3-48E2-5F71-9EDB-D70473E91F66}.Release|Any CPU.Build.0 = Release|Any CPU
		{33A03731-C8E7-32C3-D9F5-549268516D5F}.Debug|Any CPU.ActiveCfg = Debug|Any CPU
		{33A03731-C8E7-32C3-D9F5-549268516D5F}.Debug|Any CPU.Build.0 = Debug|Any CPU
		{33A03731-C8E7-32C3-D9F5-549268516D5F}.Release|Any CPU.ActiveCfg = Release|Any CPU
		{33A03731-C8E7-32C3-D9F5-549268516D5F}.Release|Any CPU.Build.0 = Release|Any CPU
		{A83C37C3-7FC5-C40A-8F50-718FF9CB8B42}.Debug|Any CPU.ActiveCfg = Debug|Any CPU
		{A83C37C3-7FC5-C40A-8F50-718FF9CB8B42}.Debug|Any CPU.Build.0 = Debug|Any CPU
		{A83C37C3-7FC5-C40A-8F50-718FF9CB8B42}.Release|Any CPU.ActiveCfg = Release|Any CPU
		{A83C37C3-7FC5-C40A-8F50-718FF9CB8B42}.Release|Any CPU.Build.0 = Release|Any CPU
		{FABE7B1F-66A1-A512-9E9D-D5DB6394817F}.Debug|Any CPU.ActiveCfg = Debug|Any CPU
		{FABE7B1F-66A1-A512-9E9D-D5DB6394817F}.Debug|Any CPU.Build.0 = Debug|Any CPU
		{FABE7B1F-66A1-A512-9E9D-D5DB6394817F}.Release|Any CPU.ActiveCfg = Release|Any CPU
		{FABE7B1F-66A1-A512-9E9D-D5DB6394817F}.Release|Any CPU.Build.0 = Release|Any CPU
		{8D0450CE-2AD9-95B2-D4ED-92210A9579C3}.Debug|Any CPU.ActiveCfg = Debug|Any CPU
		{8D0450CE-2AD9-95B2-D4ED-92210A9579C3}.Debug|Any CPU.Build.0 = Debug|Any CPU
		{8D0450CE-2AD9-95B2-D4ED-92210A9579C3}.Release|Any CPU.ActiveCfg = Release|Any CPU
		{8D0450CE-2AD9-95B2-D4ED-92210A9579C3}.Release|Any CPU.Build.0 = Release|Any CPU
		{92B14CE4-38A1-7DA9-453E-5FD81E63E028}.Debug|Any CPU.ActiveCfg = Debug|Any CPU
		{92B14CE4-38A1-7DA9-453E-5FD81E63E028}.Debug|Any CPU.Build.0 = Debug|Any CPU
		{92B14CE4-38A1-7DA9-453E-5FD81E63E028}.Release|Any CPU.ActiveCfg = Release|Any CPU
		{92B14CE4-38A1-7DA9-453E-5FD81E63E028}.Release|Any CPU.Build.0 = Release|Any CPU
		{8D75AF5F-9460-E763-EC68-F96CBC272655}.Debug|Any CPU.ActiveCfg = Debug|Any CPU
		{8D75AF5F-9460-E763-EC68-F96CBC272655}.Debug|Any CPU.Build.0 = Debug|Any CPU
		{8D75AF5F-9460-E763-EC68-F96CBC272655}.Release|Any CPU.ActiveCfg = Release|Any CPU
		{8D75AF5F-9460-E763-EC68-F96CBC272655}.Release|Any CPU.Build.0 = Release|Any CPU
		{ECCF1215-2E93-1589-80A9-33DCC0D1D277}.Debug|Any CPU.ActiveCfg = Debug|Any CPU
		{ECCF1215-2E93-1589-80A9-33DCC0D1D277}.Debug|Any CPU.Build.0 = Debug|Any CPU
		{ECCF1215-2E93-1589-80A9-33DCC0D1D277}.Release|Any CPU.ActiveCfg = Release|Any CPU
		{ECCF1215-2E93-1589-80A9-33DCC0D1D277}.Release|Any CPU.Build.0 = Release|Any CPU
		{897611F0-A66E-03A6-A95E-444BE8FCC4A2}.Debug|Any CPU.ActiveCfg = Debug|Any CPU
		{897611F0-A66E-03A6-A95E-444BE8FCC4A2}.Debug|Any CPU.Build.0 = Debug|Any CPU
		{897611F0-A66E-03A6-A95E-444BE8FCC4A2}.Release|Any CPU.ActiveCfg = Release|Any CPU
		{897611F0-A66E-03A6-A95E-444BE8FCC4A2}.Release|Any CPU.Build.0 = Release|Any CPU
		{FEA04079-4330-C757-8403-D052DEEDC596}.Debug|Any CPU.ActiveCfg = Debug|Any CPU
		{FEA04079-4330-C757-8403-D052DEEDC596}.Debug|Any CPU.Build.0 = Debug|Any CPU
		{FEA04079-4330-C757-8403-D052DEEDC596}.Release|Any CPU.ActiveCfg = Release|Any CPU
		{FEA04079-4330-C757-8403-D052DEEDC596}.Release|Any CPU.Build.0 = Release|Any CPU
		{BA5BC335-7954-170C-6000-E77FBECCD027}.Debug|Any CPU.ActiveCfg = Debug|Any CPU
		{BA5BC335-7954-170C-6000-E77FBECCD027}.Debug|Any CPU.Build.0 = Debug|Any CPU
		{BA5BC335-7954-170C-6000-E77FBECCD027}.Release|Any CPU.ActiveCfg = Release|Any CPU
		{BA5BC335-7954-170C-6000-E77FBECCD027}.Release|Any CPU.Build.0 = Release|Any CPU
		{EA1B7344-7D53-3AB9-12C7-F184DCFCF1DF}.Debug|Any CPU.ActiveCfg = Debug|Any CPU
		{EA1B7344-7D53-3AB9-12C7-F184DCFCF1DF}.Debug|Any CPU.Build.0 = Debug|Any CPU
		{EA1B7344-7D53-3AB9-12C7-F184DCFCF1DF}.Release|Any CPU.ActiveCfg = Release|Any CPU
		{EA1B7344-7D53-3AB9-12C7-F184DCFCF1DF}.Release|Any CPU.Build.0 = Release|Any CPU
		{5DA4985A-06D7-2330-5E24-9863B18A6625}.Debug|Any CPU.ActiveCfg = Debug|Any CPU
		{5DA4985A-06D7-2330-5E24-9863B18A6625}.Debug|Any CPU.Build.0 = Debug|Any CPU
		{5DA4985A-06D7-2330-5E24-9863B18A6625}.Release|Any CPU.ActiveCfg = Release|Any CPU
		{5DA4985A-06D7-2330-5E24-9863B18A6625}.Release|Any CPU.Build.0 = Release|Any CPU
		{137B6FEC-20D4-A459-2391-DA1F326B615E}.Debug|Any CPU.ActiveCfg = Debug|Any CPU
		{137B6FEC-20D4-A459-2391-DA1F326B615E}.Debug|Any CPU.Build.0 = Debug|Any CPU
		{137B6FEC-20D4-A459-2391-DA1F326B615E}.Release|Any CPU.ActiveCfg = Release|Any CPU
		{137B6FEC-20D4-A459-2391-DA1F326B615E}.Release|Any CPU.Build.0 = Release|Any CPU
		{2D1C9C6F-1072-1CA3-63DF-A48115B6CD30}.Debug|Any CPU.ActiveCfg = Debug|Any CPU
		{2D1C9C6F-1072-1CA3-63DF-A48115B6CD30}.Debug|Any CPU.Build.0 = Debug|Any CPU
		{2D1C9C6F-1072-1CA3-63DF-A48115B6CD30}.Release|Any CPU.ActiveCfg = Release|Any CPU
		{2D1C9C6F-1072-1CA3-63DF-A48115B6CD30}.Release|Any CPU.Build.0 = Release|Any CPU
		{66798CDF-B6F7-CA13-6CA6-C36B81E7F5E3}.Debug|Any CPU.ActiveCfg = Debug|Any CPU
		{66798CDF-B6F7-CA13-6CA6-C36B81E7F5E3}.Debug|Any CPU.Build.0 = Debug|Any CPU
		{66798CDF-B6F7-CA13-6CA6-C36B81E7F5E3}.Release|Any CPU.ActiveCfg = Release|Any CPU
		{66798CDF-B6F7-CA13-6CA6-C36B81E7F5E3}.Release|Any CPU.Build.0 = Release|Any CPU
		{18EE341F-7B6A-FB4E-CE5B-74F64FF628EF}.Debug|Any CPU.ActiveCfg = Debug|Any CPU
		{18EE341F-7B6A-FB4E-CE5B-74F64FF628EF}.Debug|Any CPU.Build.0 = Debug|Any CPU
		{18EE341F-7B6A-FB4E-CE5B-74F64FF628EF}.Release|Any CPU.ActiveCfg = Release|Any CPU
		{18EE341F-7B6A-FB4E-CE5B-74F64FF628EF}.Release|Any CPU.Build.0 = Release|Any CPU
		{3D5FDC03-3D32-E7E9-92F9-21D1BF5A2D07}.Debug|Any CPU.ActiveCfg = Debug|Any CPU
		{3D5FDC03-3D32-E7E9-92F9-21D1BF5A2D07}.Debug|Any CPU.Build.0 = Debug|Any CPU
		{3D5FDC03-3D32-E7E9-92F9-21D1BF5A2D07}.Release|Any CPU.ActiveCfg = Release|Any CPU
		{3D5FDC03-3D32-E7E9-92F9-21D1BF5A2D07}.Release|Any CPU.Build.0 = Release|Any CPU
		{0ED13724-CF9C-AA45-89D2-BE59E5407DD0}.Debug|Any CPU.ActiveCfg = Debug|Any CPU
		{0ED13724-CF9C-AA45-89D2-BE59E5407DD0}.Debug|Any CPU.Build.0 = Debug|Any CPU
		{0ED13724-CF9C-AA45-89D2-BE59E5407DD0}.Release|Any CPU.ActiveCfg = Release|Any CPU
		{0ED13724-CF9C-AA45-89D2-BE59E5407DD0}.Release|Any CPU.Build.0 = Release|Any CPU
		{82D8951B-AA6C-7855-2FBD-BABCA8E71F26}.Debug|Any CPU.ActiveCfg = Debug|Any CPU
		{82D8951B-AA6C-7855-2FBD-BABCA8E71F26}.Debug|Any CPU.Build.0 = Debug|Any CPU
		{82D8951B-AA6C-7855-2FBD-BABCA8E71F26}.Release|Any CPU.ActiveCfg = Release|Any CPU
		{82D8951B-AA6C-7855-2FBD-BABCA8E71F26}.Release|Any CPU.Build.0 = Release|Any CPU
		{59973043-E96E-3BCD-AFE9-B1BA129BF7EB}.Debug|Any CPU.ActiveCfg = Debug|Any CPU
		{59973043-E96E-3BCD-AFE9-B1BA129BF7EB}.Debug|Any CPU.Build.0 = Debug|Any CPU
		{59973043-E96E-3BCD-AFE9-B1BA129BF7EB}.Release|Any CPU.ActiveCfg = Release|Any CPU
		{59973043-E96E-3BCD-AFE9-B1BA129BF7EB}.Release|Any CPU.Build.0 = Release|Any CPU
		{B66B1425-037D-5338-794C-D38EF6062473}.Debug|Any CPU.ActiveCfg = Debug|Any CPU
		{B66B1425-037D-5338-794C-D38EF6062473}.Debug|Any CPU.Build.0 = Debug|Any CPU
		{B66B1425-037D-5338-794C-D38EF6062473}.Release|Any CPU.ActiveCfg = Release|Any CPU
		{B66B1425-037D-5338-794C-D38EF6062473}.Release|Any CPU.Build.0 = Release|Any CPU
		{7CDD46D9-7E47-2E4B-EF53-54AF351240F9}.Debug|Any CPU.ActiveCfg = Debug|Any CPU
		{7CDD46D9-7E47-2E4B-EF53-54AF351240F9}.Debug|Any CPU.Build.0 = Debug|Any CPU
		{7CDD46D9-7E47-2E4B-EF53-54AF351240F9}.Release|Any CPU.ActiveCfg = Release|Any CPU
		{7CDD46D9-7E47-2E4B-EF53-54AF351240F9}.Release|Any CPU.Build.0 = Release|Any CPU
		{F92086D3-B0A4-3BE7-9986-A4EFF20E892D}.Debug|Any CPU.ActiveCfg = Debug|Any CPU
		{F92086D3-B0A4-3BE7-9986-A4EFF20E892D}.Debug|Any CPU.Build.0 = Debug|Any CPU
		{F92086D3-B0A4-3BE7-9986-A4EFF20E892D}.Release|Any CPU.ActiveCfg = Release|Any CPU
		{F92086D3-B0A4-3BE7-9986-A4EFF20E892D}.Release|Any CPU.Build.0 = Release|Any CPU
		{212B5A09-3916-16AF-A140-E5B2AA00AAF0}.Debug|Any CPU.ActiveCfg = Debug|Any CPU
		{212B5A09-3916-16AF-A140-E5B2AA00AAF0}.Debug|Any CPU.Build.0 = Debug|Any CPU
		{212B5A09-3916-16AF-A140-E5B2AA00AAF0}.Release|Any CPU.ActiveCfg = Release|Any CPU
		{212B5A09-3916-16AF-A140-E5B2AA00AAF0}.Release|Any CPU.Build.0 = Release|Any CPU
		{292DEC36-6E09-7E76-A58B-DD00E96B784E}.Debug|Any CPU.ActiveCfg = Debug|Any CPU
		{292DEC36-6E09-7E76-A58B-DD00E96B784E}.Debug|Any CPU.Build.0 = Debug|Any CPU
		{292DEC36-6E09-7E76-A58B-DD00E96B784E}.Release|Any CPU.ActiveCfg = Release|Any CPU
		{292DEC36-6E09-7E76-A58B-DD00E96B784E}.Release|Any CPU.Build.0 = Release|Any CPU
		{AAA20BD7-6707-C900-412F-7355F6413157}.Debug|Any CPU.ActiveCfg = Debug|Any CPU
		{AAA20BD7-6707-C900-412F-7355F6413157}.Debug|Any CPU.Build.0 = Debug|Any CPU
		{AAA20BD7-6707-C900-412F-7355F6413157}.Release|Any CPU.ActiveCfg = Release|Any CPU
		{AAA20BD7-6707-C900-412F-7355F6413157}.Release|Any CPU.Build.0 = Release|Any CPU
		{CE5CCF27-CB05-DD22-3F24-48857DFE84A8}.Debug|Any CPU.ActiveCfg = Debug|Any CPU
		{CE5CCF27-CB05-DD22-3F24-48857DFE84A8}.Debug|Any CPU.Build.0 = Debug|Any CPU
		{CE5CCF27-CB05-DD22-3F24-48857DFE84A8}.Release|Any CPU.ActiveCfg = Release|Any CPU
		{CE5CCF27-CB05-DD22-3F24-48857DFE84A8}.Release|Any CPU.Build.0 = Release|Any CPU
		{6BCED7E8-59B6-E77B-C4D2-F5AC2B809E82}.Debug|Any CPU.ActiveCfg = Debug|Any CPU
		{6BCED7E8-59B6-E77B-C4D2-F5AC2B809E82}.Debug|Any CPU.Build.0 = Debug|Any CPU
		{6BCED7E8-59B6-E77B-C4D2-F5AC2B809E82}.Release|Any CPU.ActiveCfg = Release|Any CPU
		{6BCED7E8-59B6-E77B-C4D2-F5AC2B809E82}.Release|Any CPU.Build.0 = Release|Any CPU
		{C27280A3-3DEF-3633-95C4-8E9DE5F2DF6C}.Debug|Any CPU.ActiveCfg = Debug|Any CPU
		{C27280A3-3DEF-3633-95C4-8E9DE5F2DF6C}.Debug|Any CPU.Build.0 = Debug|Any CPU
		{C27280A3-3DEF-3633-95C4-8E9DE5F2DF6C}.Release|Any CPU.ActiveCfg = Release|Any CPU
		{C27280A3-3DEF-3633-95C4-8E9DE5F2DF6C}.Release|Any CPU.Build.0 = Release|Any CPU
		{F15074B4-9D1A-69F2-DFA7-4FEDA4FD2C71}.Debug|Any CPU.ActiveCfg = Debug|Any CPU
		{F15074B4-9D1A-69F2-DFA7-4FEDA4FD2C71}.Debug|Any CPU.Build.0 = Debug|Any CPU
		{F15074B4-9D1A-69F2-DFA7-4FEDA4FD2C71}.Release|Any CPU.ActiveCfg = Release|Any CPU
		{F15074B4-9D1A-69F2-DFA7-4FEDA4FD2C71}.Release|Any CPU.Build.0 = Release|Any CPU
		{1C7B6250-E824-4866-D6C3-672AD93B7B23}.Debug|Any CPU.ActiveCfg = Debug|Any CPU
		{1C7B6250-E824-4866-D6C3-672AD93B7B23}.Debug|Any CPU.Build.0 = Debug|Any CPU
		{1C7B6250-E824-4866-D6C3-672AD93B7B23}.Release|Any CPU.ActiveCfg = Release|Any CPU
		{1C7B6250-E824-4866-D6C3-672AD93B7B23}.Release|Any CPU.Build.0 = Release|Any CPU
		{E9AA4032-720B-CDEE-E1A9-DA5075700D13}.Debug|Any CPU.ActiveCfg = Debug|Any CPU
		{E9AA4032-720B-CDEE-E1A9-DA5075700D13}.Debug|Any CPU.Build.0 = Debug|Any CPU
		{E9AA4032-720B-CDEE-E1A9-DA5075700D13}.Release|Any CPU.ActiveCfg = Release|Any CPU
		{E9AA4032-720B-CDEE-E1A9-DA5075700D13}.Release|Any CPU.Build.0 = Release|Any CPU
		{2ACD1386-3B0F-D742-C4AB-C7844E4F5C3D}.Debug|Any CPU.ActiveCfg = Debug|Any CPU
		{2ACD1386-3B0F-D742-C4AB-C7844E4F5C3D}.Debug|Any CPU.Build.0 = Debug|Any CPU
		{2ACD1386-3B0F-D742-C4AB-C7844E4F5C3D}.Release|Any CPU.ActiveCfg = Release|Any CPU
		{2ACD1386-3B0F-D742-C4AB-C7844E4F5C3D}.Release|Any CPU.Build.0 = Release|Any CPU
		{F22D2E96-1969-8FC2-0A7B-D01230798D44}.Debug|Any CPU.ActiveCfg = Debug|Any CPU
		{F22D2E96-1969-8FC2-0A7B-D01230798D44}.Debug|Any CPU.Build.0 = Debug|Any CPU
		{F22D2E96-1969-8FC2-0A7B-D01230798D44}.Release|Any CPU.ActiveCfg = Release|Any CPU
		{F22D2E96-1969-8FC2-0A7B-D01230798D44}.Release|Any CPU.Build.0 = Release|Any CPU
		{A39E79B4-08CA-EAD3-2DE1-E7974060A306}.Debug|Any CPU.ActiveCfg = Debug|Any CPU
		{A39E79B4-08CA-EAD3-2DE1-E7974060A306}.Debug|Any CPU.Build.0 = Debug|Any CPU
		{A39E79B4-08CA-EAD3-2DE1-E7974060A306}.Release|Any CPU.ActiveCfg = Release|Any CPU
		{A39E79B4-08CA-EAD3-2DE1-E7974060A306}.Release|Any CPU.Build.0 = Release|Any CPU
		{BC2DD3A7-D014-13B1-4A06-0723A4D21640}.Debug|Any CPU.ActiveCfg = Debug|Any CPU
		{BC2DD3A7-D014-13B1-4A06-0723A4D21640}.Debug|Any CPU.Build.0 = Debug|Any CPU
		{BC2DD3A7-D014-13B1-4A06-0723A4D21640}.Release|Any CPU.ActiveCfg = Release|Any CPU
		{BC2DD3A7-D014-13B1-4A06-0723A4D21640}.Release|Any CPU.Build.0 = Release|Any CPU
		{0C9202CB-A41C-3FCD-E582-9D55226A54A8}.Debug|Any CPU.ActiveCfg = Debug|Any CPU
		{0C9202CB-A41C-3FCD-E582-9D55226A54A8}.Debug|Any CPU.Build.0 = Debug|Any CPU
		{0C9202CB-A41C-3FCD-E582-9D55226A54A8}.Release|Any CPU.ActiveCfg = Release|Any CPU
		{0C9202CB-A41C-3FCD-E582-9D55226A54A8}.Release|Any CPU.Build.0 = Release|Any CPU
		{62619079-8AA5-35F2-849C-5AF09A2A83AF}.Debug|Any CPU.ActiveCfg = Debug|Any CPU
		{62619079-8AA5-35F2-849C-5AF09A2A83AF}.Debug|Any CPU.Build.0 = Debug|Any CPU
		{62619079-8AA5-35F2-849C-5AF09A2A83AF}.Release|Any CPU.ActiveCfg = Release|Any CPU
		{62619079-8AA5-35F2-849C-5AF09A2A83AF}.Release|Any CPU.Build.0 = Release|Any CPU
		{E60829E3-936D-191A-6745-F125AD34F305}.Debug|Any CPU.ActiveCfg = Debug|Any CPU
		{E60829E3-936D-191A-6745-F125AD34F305}.Debug|Any CPU.Build.0 = Debug|Any CPU
		{E60829E3-936D-191A-6745-F125AD34F305}.Release|Any CPU.ActiveCfg = Release|Any CPU
		{E60829E3-936D-191A-6745-F125AD34F305}.Release|Any CPU.Build.0 = Release|Any CPU
		{AC8F032B-DA1A-8927-39E5-805ECC8F55B0}.Debug|Any CPU.ActiveCfg = Debug|Any CPU
		{AC8F032B-DA1A-8927-39E5-805ECC8F55B0}.Debug|Any CPU.Build.0 = Debug|Any CPU
		{AC8F032B-DA1A-8927-39E5-805ECC8F55B0}.Release|Any CPU.ActiveCfg = Release|Any CPU
		{AC8F032B-DA1A-8927-39E5-805ECC8F55B0}.Release|Any CPU.Build.0 = Release|Any CPU
	EndGlobalSection
	GlobalSection(SolutionProperties) = preSolution
		HideSolutionNode = FALSE
	EndGlobalSection
EndGlobal
