
Microsoft Visual Studio Solution File, Format Version 12.00
# Visual Studio 15
Project("{FAE04EC0-301F-11D3-BF4B-00C04F79EFBC}") = "Oculus.Platform", "Oculus.Platform.csproj", "{7D3F22BC-63B8-4AC6-1AF4-2C1DDC8B492C}"
EndProject
Project("{FAE04EC0-301F-11D3-BF4B-00C04F79EFBC}") = "Assembly-CSharp", "Assembly-CSharp.csproj", "{FD750A43-441D-C918-2664-2E591C77D0E8}"
EndProject
Project("{FAE04EC0-301F-11D3-BF4B-00C04F79EFBC}") = "Oculus.Spatializer", "Oculus.Spatializer.csproj", "{324D2761-B998-17F5-639E-7465F14019C1}"
EndProject
Project("{FAE04EC0-301F-11D3-BF4B-00C04F79EFBC}") = "Oculus.Interaction", "Oculus.Interaction.csproj", "{5097D124-7406-6D58-5D3E-40282D93E4DE}"
EndProject
Project("{FAE04EC0-301F-11D3-BF4B-00C04F79EFBC}") = "Meta.WitAi", "Meta.WitAi.csproj", "{6226F8CE-EAB4-91A4-573B-E212B2421A9D}"
EndProject
Project("{FAE04EC0-301F-11D3-BF4B-00C04F79EFBC}") = "Oculus.Interaction.OVR.Samples", "Oculus.Interaction.OVR.Samples.csproj", "{AAFDCFEA-2C37-37CD-DCC5-388B838403BC}"
EndProject
Project("{FAE04EC0-301F-11D3-BF4B-00C04F79EFBC}") = "Oculus.VR", "Oculus.VR.csproj", "{A6281AF1-0B63-B3F0-7A54-463026BA5FCC}"
EndProject
Project("{FAE04EC0-301F-11D3-BF4B-00C04F79EFBC}") = "VoiceSDK.Dictation.Runtime", "VoiceSDK.Dictation.Runtime.csproj", "{E8A2404C-298F-177B-1B12-C7582113F2DE}"
EndProject
Project("{FAE04EC0-301F-11D3-BF4B-00C04F79EFBC}") = "Meta.WitAi.TTS", "Meta.WitAi.TTS.csproj", "{D5F3FCD4-AA73-D686-634C-EDF04F96D493}"
EndProject
Project("{FAE04EC0-301F-11D3-BF4B-00C04F79EFBC}") = "Oculus.AudioManager", "Oculus.AudioManager.csproj", "{01DCDEB4-6A5F-5B54-9A20-2DD90D4421E2}"
EndProject
Project("{FAE04EC0-301F-11D3-BF4B-00C04F79EFBC}") = "VoiceSDK.Runtime", "VoiceSDK.Runtime.csproj", "{388BDD96-0885-B5E5-366A-17CD0EDBB795}"
EndProject
Project("{FAE04EC0-301F-11D3-BF4B-00C04F79EFBC}") = "Facebook.Wit.Dictation", "Facebook.Wit.Dictation.csproj", "{7E06320B-26C5-4BA9-AF6A-A7894631725C}"
EndProject
Project("{FAE04EC0-301F-11D3-BF4B-00C04F79EFBC}") = "Meta.WitAi.Lib", "Meta.WitAi.Lib.csproj", "{C8AEED14-F3A7-806B-D0D9-D9A1AACA0188}"
EndProject
Project("{FAE04EC0-301F-11D3-BF4B-00C04F79EFBC}") = "Meta.WitAi.TTS.Samples", "Meta.WitAi.TTS.Samples.csproj", "{E8F545BF-A553-3751-E7B5-CD04DE813095}"
EndProject
Project("{FAE04EC0-301F-11D3-BF4B-00C04F79EFBC}") = "Oculus.Voice.Demo", "Oculus.Voice.Demo.csproj", "{37D02070-D316-7FB6-1130-4963D3635093}"
EndProject
Project("{FAE04EC0-301F-11D3-BF4B-00C04F79EFBC}") = "Oculus.Interaction.OVR", "Oculus.Interaction.OVR.csproj", "{A4EB3CBA-E65E-0962-1156-51BC7C194288}"
EndProject
Project("{FAE04EC0-301F-11D3-BF4B-00C04F79EFBC}") = "AssistantCoreSDKRuntime", "AssistantCoreSDKRuntime.csproj", "{3F551560-E3F1-A6BC-07CB-DC97B576DABC}"
EndProject
Project("{FAE04EC0-301F-11D3-BF4B-00C04F79EFBC}") = "Meta.WitAi.Conduit", "Meta.WitAi.Conduit.csproj", "{A8628DF7-E78B-ABDB-98DE-628C141A0BAF}"
EndProject
Project("{FAE04EC0-301F-11D3-BF4B-00C04F79EFBC}") = "Oculus.LipSync", "Oculus.LipSync.csproj", "{676655D1-3931-E47E-98D9-0A8C91CD3487}"
EndProject
Project("{FAE04EC0-301F-11D3-BF4B-00C04F79EFBC}") = "Meta.VoiceSDK.Mic.Other", "Meta.VoiceSDK.Mic.Other.csproj", "{0F4D00CE-8878-157E-8099-93DAF4254929}"
EndProject
Project("{FAE04EC0-301F-11D3-BF4B-00C04F79EFBC}") = "Meta.VoiceSDK.Mic.Common", "Meta.VoiceSDK.Mic.Common.csproj", "{8B3640A0-494B-A434-6BAE-3A36216A35FD}"
EndProject
Project("{FAE04EC0-301F-11D3-BF4B-00C04F79EFBC}") = "Meta.WitAi.Editor", "Meta.WitAi.Editor.csproj", "{8DD1F44C-4918-85C1-198B-B9A54BAD3D3C}"
EndProject
Project("{FAE04EC0-301F-11D3-BF4B-00C04F79EFBC}") = "Oculus.Interaction.Editor", "Oculus.Interaction.Editor.csproj", "{7AB1051A-4CFD-A513-020A-1676C4761D26}"
EndProject
Project("{FAE04EC0-301F-11D3-BF4B-00C04F79EFBC}") = "Meta.WitAI.Lib.Editor", "Meta.WitAI.Lib.Editor.csproj", "{8CB53950-E2D2-DBED-6D2E-0717B5E2613E}"
EndProject
Project("{FAE04EC0-301F-11D3-BF4B-00C04F79EFBC}") = "Oculus.VR.Editor", "Oculus.VR.Editor.csproj", "{151DBD34-3A0A-6062-25AD-E61CC4EC25D0}"
EndProject
Project("{FAE04EC0-301F-11D3-BF4B-00C04F79EFBC}") = "Meta.WitAi.Conduit.Editor", "Meta.WitAi.Conduit.Editor.csproj", "{BA4D7CE6-EDCF-F599-BB15-FF1BCB24D920}"
EndProject
Project("{FAE04EC0-301F-11D3-BF4B-00C04F79EFBC}") = "Oculus.Interaction.OVR.Editor", "Oculus.Interaction.OVR.Editor.csproj", "{74C53AA4-0C3B-F733-954F-D9A653F436A9}"
EndProject
Project("{FAE04EC0-301F-11D3-BF4B-00C04F79EFBC}") = "Assembly-CSharp-Editor", "Assembly-CSharp-Editor.csproj", "{B7E09A9E-30D8-5ACC-106E-A632CD0778E5}"
EndProject
Project("{FAE04EC0-301F-11D3-BF4B-00C04F79EFBC}") = "Oculus.Interaction.Samples.Editor", "Oculus.Interaction.Samples.Editor.csproj", "{14B2645C-44C1-214C-2124-44D9838411DC}"
EndProject
Project("{FAE04EC0-301F-11D3-BF4B-00C04F79EFBC}") = "Oculus.VR.Scripts.Editor", "Oculus.VR.Scripts.Editor.csproj", "{928CF27A-F904-82D3-13FC-CF1DECBF215B}"
EndProject
Project("{FAE04EC0-301F-11D3-BF4B-00C04F79EFBC}") = "VoiceSDK.Editor", "VoiceSDK.Editor.csproj", "{3F744A2E-DC92-2146-E73C-43274F4DFBBC}"
EndProject
Project("{FAE04EC0-301F-11D3-BF4B-00C04F79EFBC}") = "Oculus.Spatializer.Editor", "Oculus.Spatializer.Editor.csproj", "{495862C5-F964-64F5-ADDB-7C273B992D2F}"
EndProject
Project("{FAE04EC0-301F-11D3-BF4B-00C04F79EFBC}") = "Meta.WitAi.TTS.Editor", "Meta.WitAi.TTS.Editor.csproj", "{B0B10C88-688C-8559-043C-69E319F18B39}"
EndProject
Project("{FAE04EC0-301F-11D3-BF4B-00C04F79EFBC}") = "Facebook.Wit.Dictation.Editor", "Facebook.Wit.Dictation.Editor.csproj", "{96FF7878-08CF-8FB8-7AE5-226EA6D7F5A7}"
EndProject
Project("{FAE04EC0-301F-11D3-BF4B-00C04F79EFBC}") = "VoiceSDK.Dictation.Editor", "VoiceSDK.Dictation.Editor.csproj", "{F618CD71-D6F3-EB93-59AC-2B52F30DBC48}"
EndProject
Project("{FAE04EC0-301F-11D3-BF4B-00C04F79EFBC}") = "Oculus.Platform.Editor", "Oculus.Platform.Editor.csproj", "{BA180A47-E977-9EEA-4897-9A0F4786A0FC}"
EndProject
Project("{FAE04EC0-301F-11D3-BF4B-00C04F79EFBC}") = "Oculus.AudioManager.Audio.Editor", "Oculus.AudioManager.Audio.Editor.csproj", "{066158CE-7381-3B9C-9B91-99BD8ED52094}"
EndProject
Project("{FAE04EC0-301F-11D3-BF4B-00C04F79EFBC}") = "Oculus.Interaction.InterfaceSupport", "Oculus.Interaction.InterfaceSupport.csproj", "{65180F16-A030-C209-F630-45F11F7F075C}"
EndProject
Project("{FAE04EC0-301F-11D3-BF4B-00C04F79EFBC}") = "Oculus.LipSync.Editor", "Oculus.LipSync.Editor.csproj", "{EA707B99-9BF4-7FFD-5483-E237ECE0C63E}"
EndProject
Project("{FAE04EC0-301F-11D3-BF4B-00C04F79EFBC}") = "AssistantCoreSDKEditor", "AssistantCoreSDKEditor.csproj", "{338814A0-C190-52C7-BD4D-AE46CF218C4B}"
EndProject
Project("{FAE04EC0-301F-11D3-BF4B-00C04F79EFBC}") = "Oculus.AudioManager.Utils.Editor", "Oculus.AudioManager.Utils.Editor.csproj", "{755F054B-8509-E072-D06A-AC937EA969F5}"
EndProject
Global
	GlobalSection(SolutionConfigurationPlatforms) = preSolution
		Debug|Any CPU = Debug|Any CPU
		Release|Any CPU = Release|Any CPU
	EndGlobalSection
	GlobalSection(ProjectConfigurationPlatforms) = postSolution
		{7D3F22BC-63B8-4AC6-1AF4-2C1DDC8B492C}.Debug|Any CPU.ActiveCfg = Debug|Any CPU
		{7D3F22BC-63B8-4AC6-1AF4-2C1DDC8B492C}.Debug|Any CPU.Build.0 = Debug|Any CPU
		{7D3F22BC-63B8-4AC6-1AF4-2C1DDC8B492C}.Release|Any CPU.ActiveCfg = Release|Any CPU
		{7D3F22BC-63B8-4AC6-1AF4-2C1DDC8B492C}.Release|Any CPU.Build.0 = Release|Any CPU
		{FD750A43-441D-C918-2664-2E591C77D0E8}.Debug|Any CPU.ActiveCfg = Debug|Any CPU
		{FD750A43-441D-C918-2664-2E591C77D0E8}.Debug|Any CPU.Build.0 = Debug|Any CPU
		{FD750A43-441D-C918-2664-2E591C77D0E8}.Release|Any CPU.ActiveCfg = Release|Any CPU
		{FD750A43-441D-C918-2664-2E591C77D0E8}.Release|Any CPU.Build.0 = Release|Any CPU
		{324D2761-B998-17F5-639E-7465F14019C1}.Debug|Any CPU.ActiveCfg = Debug|Any CPU
		{324D2761-B998-17F5-639E-7465F14019C1}.Debug|Any CPU.Build.0 = Debug|Any CPU
		{324D2761-B998-17F5-639E-7465F14019C1}.Release|Any CPU.ActiveCfg = Release|Any CPU
		{324D2761-B998-17F5-639E-7465F14019C1}.Release|Any CPU.Build.0 = Release|Any CPU
		{5097D124-7406-6D58-5D3E-40282D93E4DE}.Debug|Any CPU.ActiveCfg = Debug|Any CPU
		{5097D124-7406-6D58-5D3E-40282D93E4DE}.Debug|Any CPU.Build.0 = Debug|Any CPU
		{5097D124-7406-6D58-5D3E-40282D93E4DE}.Release|Any CPU.ActiveCfg = Release|Any CPU
		{5097D124-7406-6D58-5D3E-40282D93E4DE}.Release|Any CPU.Build.0 = Release|Any CPU
		{6226F8CE-EAB4-91A4-573B-E212B2421A9D}.Debug|Any CPU.ActiveCfg = Debug|Any CPU
		{6226F8CE-EAB4-91A4-573B-E212B2421A9D}.Debug|Any CPU.Build.0 = Debug|Any CPU
		{6226F8CE-EAB4-91A4-573B-E212B2421A9D}.Release|Any CPU.ActiveCfg = Release|Any CPU
		{6226F8CE-EAB4-91A4-573B-E212B2421A9D}.Release|Any CPU.Build.0 = Release|Any CPU
		{AAFDCFEA-2C37-37CD-DCC5-388B838403BC}.Debug|Any CPU.ActiveCfg = Debug|Any CPU
		{AAFDCFEA-2C37-37CD-DCC5-388B838403BC}.Debug|Any CPU.Build.0 = Debug|Any CPU
		{AAFDCFEA-2C37-37CD-DCC5-388B838403BC}.Release|Any CPU.ActiveCfg = Release|Any CPU
		{AAFDCFEA-2C37-37CD-DCC5-388B838403BC}.Release|Any CPU.Build.0 = Release|Any CPU
		{A6281AF1-0B63-B3F0-7A54-463026BA5FCC}.Debug|Any CPU.ActiveCfg = Debug|Any CPU
		{A6281AF1-0B63-B3F0-7A54-463026BA5FCC}.Debug|Any CPU.Build.0 = Debug|Any CPU
		{A6281AF1-0B63-B3F0-7A54-463026BA5FCC}.Release|Any CPU.ActiveCfg = Release|Any CPU
		{A6281AF1-0B63-B3F0-7A54-463026BA5FCC}.Release|Any CPU.Build.0 = Release|Any CPU
		{E8A2404C-298F-177B-1B12-C7582113F2DE}.Debug|Any CPU.ActiveCfg = Debug|Any CPU
		{E8A2404C-298F-177B-1B12-C7582113F2DE}.Debug|Any CPU.Build.0 = Debug|Any CPU
		{E8A2404C-298F-177B-1B12-C7582113F2DE}.Release|Any CPU.ActiveCfg = Release|Any CPU
		{E8A2404C-298F-177B-1B12-C7582113F2DE}.Release|Any CPU.Build.0 = Release|Any CPU
		{D5F3FCD4-AA73-D686-634C-EDF04F96D493}.Debug|Any CPU.ActiveCfg = Debug|Any CPU
		{D5F3FCD4-AA73-D686-634C-EDF04F96D493}.Debug|Any CPU.Build.0 = Debug|Any CPU
		{D5F3FCD4-AA73-D686-634C-EDF04F96D493}.Release|Any CPU.ActiveCfg = Release|Any CPU
		{D5F3FCD4-AA73-D686-634C-EDF04F96D493}.Release|Any CPU.Build.0 = Release|Any CPU
		{01DCDEB4-6A5F-5B54-9A20-2DD90D4421E2}.Debug|Any CPU.ActiveCfg = Debug|Any CPU
		{01DCDEB4-6A5F-5B54-9A20-2DD90D4421E2}.Debug|Any CPU.Build.0 = Debug|Any CPU
		{01DCDEB4-6A5F-5B54-9A20-2DD90D4421E2}.Release|Any CPU.ActiveCfg = Release|Any CPU
		{01DCDEB4-6A5F-5B54-9A20-2DD90D4421E2}.Release|Any CPU.Build.0 = Release|Any CPU
		{388BDD96-0885-B5E5-366A-17CD0EDBB795}.Debug|Any CPU.ActiveCfg = Debug|Any CPU
		{388BDD96-0885-B5E5-366A-17CD0EDBB795}.Debug|Any CPU.Build.0 = Debug|Any CPU
		{388BDD96-0885-B5E5-366A-17CD0EDBB795}.Release|Any CPU.ActiveCfg = Release|Any CPU
		{388BDD96-0885-B5E5-366A-17CD0EDBB795}.Release|Any CPU.Build.0 = Release|Any CPU
		{7E06320B-26C5-4BA9-AF6A-A7894631725C}.Debug|Any CPU.ActiveCfg = Debug|Any CPU
		{7E06320B-26C5-4BA9-AF6A-A7894631725C}.Debug|Any CPU.Build.0 = Debug|Any CPU
		{7E06320B-26C5-4BA9-AF6A-A7894631725C}.Release|Any CPU.ActiveCfg = Release|Any CPU
		{7E06320B-26C5-4BA9-AF6A-A7894631725C}.Release|Any CPU.Build.0 = Release|Any CPU
		{C8AEED14-F3A7-806B-D0D9-D9A1AACA0188}.Debug|Any CPU.ActiveCfg = Debug|Any CPU
		{C8AEED14-F3A7-806B-D0D9-D9A1AACA0188}.Debug|Any CPU.Build.0 = Debug|Any CPU
		{C8AEED14-F3A7-806B-D0D9-D9A1AACA0188}.Release|Any CPU.ActiveCfg = Release|Any CPU
		{C8AEED14-F3A7-806B-D0D9-D9A1AACA0188}.Release|Any CPU.Build.0 = Release|Any CPU
		{E8F545BF-A553-3751-E7B5-CD04DE813095}.Debug|Any CPU.ActiveCfg = Debug|Any CPU
		{E8F545BF-A553-3751-E7B5-CD04DE813095}.Debug|Any CPU.Build.0 = Debug|Any CPU
		{E8F545BF-A553-3751-E7B5-CD04DE813095}.Release|Any CPU.ActiveCfg = Release|Any CPU
		{E8F545BF-A553-3751-E7B5-CD04DE813095}.Release|Any CPU.Build.0 = Release|Any CPU
		{37D02070-D316-7FB6-1130-4963D3635093}.Debug|Any CPU.ActiveCfg = Debug|Any CPU
		{37D02070-D316-7FB6-1130-4963D3635093}.Debug|Any CPU.Build.0 = Debug|Any CPU
		{37D02070-D316-7FB6-1130-4963D3635093}.Release|Any CPU.ActiveCfg = Release|Any CPU
		{37D02070-D316-7FB6-1130-4963D3635093}.Release|Any CPU.Build.0 = Release|Any CPU
		{A4EB3CBA-E65E-0962-1156-51BC7C194288}.Debug|Any CPU.ActiveCfg = Debug|Any CPU
		{A4EB3CBA-E65E-0962-1156-51BC7C194288}.Debug|Any CPU.Build.0 = Debug|Any CPU
		{A4EB3CBA-E65E-0962-1156-51BC7C194288}.Release|Any CPU.ActiveCfg = Release|Any CPU
		{A4EB3CBA-E65E-0962-1156-51BC7C194288}.Release|Any CPU.Build.0 = Release|Any CPU
		{3F551560-E3F1-A6BC-07CB-DC97B576DABC}.Debug|Any CPU.ActiveCfg = Debug|Any CPU
		{3F551560-E3F1-A6BC-07CB-DC97B576DABC}.Debug|Any CPU.Build.0 = Debug|Any CPU
		{3F551560-E3F1-A6BC-07CB-DC97B576DABC}.Release|Any CPU.ActiveCfg = Release|Any CPU
		{3F551560-E3F1-A6BC-07CB-DC97B576DABC}.Release|Any CPU.Build.0 = Release|Any CPU
		{A8628DF7-E78B-ABDB-98DE-628C141A0BAF}.Debug|Any CPU.ActiveCfg = Debug|Any CPU
		{A8628DF7-E78B-ABDB-98DE-628C141A0BAF}.Debug|Any CPU.Build.0 = Debug|Any CPU
		{A8628DF7-E78B-ABDB-98DE-628C141A0BAF}.Release|Any CPU.ActiveCfg = Release|Any CPU
		{A8628DF7-E78B-ABDB-98DE-628C141A0BAF}.Release|Any CPU.Build.0 = Release|Any CPU
		{676655D1-3931-E47E-98D9-0A8C91CD3487}.Debug|Any CPU.ActiveCfg = Debug|Any CPU
		{676655D1-3931-E47E-98D9-0A8C91CD3487}.Debug|Any CPU.Build.0 = Debug|Any CPU
		{676655D1-3931-E47E-98D9-0A8C91CD3487}.Release|Any CPU.ActiveCfg = Release|Any CPU
		{676655D1-3931-E47E-98D9-0A8C91CD3487}.Release|Any CPU.Build.0 = Release|Any CPU
		{0F4D00CE-8878-157E-8099-93DAF4254929}.Debug|Any CPU.ActiveCfg = Debug|Any CPU
		{0F4D00CE-8878-157E-8099-93DAF4254929}.Debug|Any CPU.Build.0 = Debug|Any CPU
		{0F4D00CE-8878-157E-8099-93DAF4254929}.Release|Any CPU.ActiveCfg = Release|Any CPU
		{0F4D00CE-8878-157E-8099-93DAF4254929}.Release|Any CPU.Build.0 = Release|Any CPU
		{8B3640A0-494B-A434-6BAE-3A36216A35FD}.Debug|Any CPU.ActiveCfg = Debug|Any CPU
		{8B3640A0-494B-A434-6BAE-3A36216A35FD}.Debug|Any CPU.Build.0 = Debug|Any CPU
		{8B3640A0-494B-A434-6BAE-3A36216A35FD}.Release|Any CPU.ActiveCfg = Release|Any CPU
		{8B3640A0-494B-A434-6BAE-3A36216A35FD}.Release|Any CPU.Build.0 = Release|Any CPU
		{8DD1F44C-4918-85C1-198B-B9A54BAD3D3C}.Debug|Any CPU.ActiveCfg = Debug|Any CPU
		{8DD1F44C-4918-85C1-198B-B9A54BAD3D3C}.Debug|Any CPU.Build.0 = Debug|Any CPU
		{8DD1F44C-4918-85C1-198B-B9A54BAD3D3C}.Release|Any CPU.ActiveCfg = Release|Any CPU
		{8DD1F44C-4918-85C1-198B-B9A54BAD3D3C}.Release|Any CPU.Build.0 = Release|Any CPU
		{7AB1051A-4CFD-A513-020A-1676C4761D26}.Debug|Any CPU.ActiveCfg = Debug|Any CPU
		{7AB1051A-4CFD-A513-020A-1676C4761D26}.Debug|Any CPU.Build.0 = Debug|Any CPU
		{7AB1051A-4CFD-A513-020A-1676C4761D26}.Release|Any CPU.ActiveCfg = Release|Any CPU
		{7AB1051A-4CFD-A513-020A-1676C4761D26}.Release|Any CPU.Build.0 = Release|Any CPU
		{8CB53950-E2D2-DBED-6D2E-0717B5E2613E}.Debug|Any CPU.ActiveCfg = Debug|Any CPU
		{8CB53950-E2D2-DBED-6D2E-0717B5E2613E}.Debug|Any CPU.Build.0 = Debug|Any CPU
		{8CB53950-E2D2-DBED-6D2E-0717B5E2613E}.Release|Any CPU.ActiveCfg = Release|Any CPU
		{8CB53950-E2D2-DBED-6D2E-0717B5E2613E}.Release|Any CPU.Build.0 = Release|Any CPU
		{151DBD34-3A0A-6062-25AD-E61CC4EC25D0}.Debug|Any CPU.ActiveCfg = Debug|Any CPU
		{151DBD34-3A0A-6062-25AD-E61CC4EC25D0}.Debug|Any CPU.Build.0 = Debug|Any CPU
		{151DBD34-3A0A-6062-25AD-E61CC4EC25D0}.Release|Any CPU.ActiveCfg = Release|Any CPU
		{151DBD34-3A0A-6062-25AD-E61CC4EC25D0}.Release|Any CPU.Build.0 = Release|Any CPU
		{BA4D7CE6-EDCF-F599-BB15-FF1BCB24D920}.Debug|Any CPU.ActiveCfg = Debug|Any CPU
		{BA4D7CE6-EDCF-F599-BB15-FF1BCB24D920}.Debug|Any CPU.Build.0 = Debug|Any CPU
		{BA4D7CE6-EDCF-F599-BB15-FF1BCB24D920}.Release|Any CPU.ActiveCfg = Release|Any CPU
		{BA4D7CE6-EDCF-F599-BB15-FF1BCB24D920}.Release|Any CPU.Build.0 = Release|Any CPU
		{74C53AA4-0C3B-F733-954F-D9A653F436A9}.Debug|Any CPU.ActiveCfg = Debug|Any CPU
		{74C53AA4-0C3B-F733-954F-D9A653F436A9}.Debug|Any CPU.Build.0 = Debug|Any CPU
		{74C53AA4-0C3B-F733-954F-D9A653F436A9}.Release|Any CPU.ActiveCfg = Release|Any CPU
		{74C53AA4-0C3B-F733-954F-D9A653F436A9}.Release|Any CPU.Build.0 = Release|Any CPU
		{B7E09A9E-30D8-5ACC-106E-A632CD0778E5}.Debug|Any CPU.ActiveCfg = Debug|Any CPU
		{B7E09A9E-30D8-5ACC-106E-A632CD0778E5}.Debug|Any CPU.Build.0 = Debug|Any CPU
		{B7E09A9E-30D8-5ACC-106E-A632CD0778E5}.Release|Any CPU.ActiveCfg = Release|Any CPU
		{B7E09A9E-30D8-5ACC-106E-A632CD0778E5}.Release|Any CPU.Build.0 = Release|Any CPU
		{14B2645C-44C1-214C-2124-44D9838411DC}.Debug|Any CPU.ActiveCfg = Debug|Any CPU
		{14B2645C-44C1-214C-2124-44D9838411DC}.Debug|Any CPU.Build.0 = Debug|Any CPU
		{14B2645C-44C1-214C-2124-44D9838411DC}.Release|Any CPU.ActiveCfg = Release|Any CPU
		{14B2645C-44C1-214C-2124-44D9838411DC}.Release|Any CPU.Build.0 = Release|Any CPU
		{928CF27A-F904-82D3-13FC-CF1DECBF215B}.Debug|Any CPU.ActiveCfg = Debug|Any CPU
		{928CF27A-F904-82D3-13FC-CF1DECBF215B}.Debug|Any CPU.Build.0 = Debug|Any CPU
		{928CF27A-F904-82D3-13FC-CF1DECBF215B}.Release|Any CPU.ActiveCfg = Release|Any CPU
		{928CF27A-F904-82D3-13FC-CF1DECBF215B}.Release|Any CPU.Build.0 = Release|Any CPU
		{3F744A2E-DC92-2146-E73C-43274F4DFBBC}.Debug|Any CPU.ActiveCfg = Debug|Any CPU
		{3F744A2E-DC92-2146-E73C-43274F4DFBBC}.Debug|Any CPU.Build.0 = Debug|Any CPU
		{3F744A2E-DC92-2146-E73C-43274F4DFBBC}.Release|Any CPU.ActiveCfg = Release|Any CPU
		{3F744A2E-DC92-2146-E73C-43274F4DFBBC}.Release|Any CPU.Build.0 = Release|Any CPU
		{495862C5-F964-64F5-ADDB-7C273B992D2F}.Debug|Any CPU.ActiveCfg = Debug|Any CPU
		{495862C5-F964-64F5-ADDB-7C273B992D2F}.Debug|Any CPU.Build.0 = Debug|Any CPU
		{495862C5-F964-64F5-ADDB-7C273B992D2F}.Release|Any CPU.ActiveCfg = Release|Any CPU
		{495862C5-F964-64F5-ADDB-7C273B992D2F}.Release|Any CPU.Build.0 = Release|Any CPU
		{B0B10C88-688C-8559-043C-69E319F18B39}.Debug|Any CPU.ActiveCfg = Debug|Any CPU
		{B0B10C88-688C-8559-043C-69E319F18B39}.Debug|Any CPU.Build.0 = Debug|Any CPU
		{B0B10C88-688C-8559-043C-69E319F18B39}.Release|Any CPU.ActiveCfg = Release|Any CPU
		{B0B10C88-688C-8559-043C-69E319F18B39}.Release|Any CPU.Build.0 = Release|Any CPU
		{96FF7878-08CF-8FB8-7AE5-226EA6D7F5A7}.Debug|Any CPU.ActiveCfg = Debug|Any CPU
		{96FF7878-08CF-8FB8-7AE5-226EA6D7F5A7}.Debug|Any CPU.Build.0 = Debug|Any CPU
		{96FF7878-08CF-8FB8-7AE5-226EA6D7F5A7}.Release|Any CPU.ActiveCfg = Release|Any CPU
		{96FF7878-08CF-8FB8-7AE5-226EA6D7F5A7}.Release|Any CPU.Build.0 = Release|Any CPU
		{F618CD71-D6F3-EB93-59AC-2B52F30DBC48}.Debug|Any CPU.ActiveCfg = Debug|Any CPU
		{F618CD71-D6F3-EB93-59AC-2B52F30DBC48}.Debug|Any CPU.Build.0 = Debug|Any CPU
		{F618CD71-D6F3-EB93-59AC-2B52F30DBC48}.Release|Any CPU.ActiveCfg = Release|Any CPU
		{F618CD71-D6F3-EB93-59AC-2B52F30DBC48}.Release|Any CPU.Build.0 = Release|Any CPU
		{BA180A47-E977-9EEA-4897-9A0F4786A0FC}.Debug|Any CPU.ActiveCfg = Debug|Any CPU
		{BA180A47-E977-9EEA-4897-9A0F4786A0FC}.Debug|Any CPU.Build.0 = Debug|Any CPU
		{BA180A47-E977-9EEA-4897-9A0F4786A0FC}.Release|Any CPU.ActiveCfg = Release|Any CPU
		{BA180A47-E977-9EEA-4897-9A0F4786A0FC}.Release|Any CPU.Build.0 = Release|Any CPU
		{066158CE-7381-3B9C-9B91-99BD8ED52094}.Debug|Any CPU.ActiveCfg = Debug|Any CPU
		{066158CE-7381-3B9C-9B91-99BD8ED52094}.Debug|Any CPU.Build.0 = Debug|Any CPU
		{066158CE-7381-3B9C-9B91-99BD8ED52094}.Release|Any CPU.ActiveCfg = Release|Any CPU
		{066158CE-7381-3B9C-9B91-99BD8ED52094}.Release|Any CPU.Build.0 = Release|Any CPU
		{65180F16-A030-C209-F630-45F11F7F075C}.Debug|Any CPU.ActiveCfg = Debug|Any CPU
		{65180F16-A030-C209-F630-45F11F7F075C}.Debug|Any CPU.Build.0 = Debug|Any CPU
		{65180F16-A030-C209-F630-45F11F7F075C}.Release|Any CPU.ActiveCfg = Release|Any CPU
		{65180F16-A030-C209-F630-45F11F7F075C}.Release|Any CPU.Build.0 = Release|Any CPU
		{EA707B99-9BF4-7FFD-5483-E237ECE0C63E}.Debug|Any CPU.ActiveCfg = Debug|Any CPU
		{EA707B99-9BF4-7FFD-5483-E237ECE0C63E}.Debug|Any CPU.Build.0 = Debug|Any CPU
		{EA707B99-9BF4-7FFD-5483-E237ECE0C63E}.Release|Any CPU.ActiveCfg = Release|Any CPU
		{EA707B99-9BF4-7FFD-5483-E237ECE0C63E}.Release|Any CPU.Build.0 = Release|Any CPU
		{338814A0-C190-52C7-BD4D-AE46CF218C4B}.Debug|Any CPU.ActiveCfg = Debug|Any CPU
		{338814A0-C190-52C7-BD4D-AE46CF218C4B}.Debug|Any CPU.Build.0 = Debug|Any CPU
		{338814A0-C190-52C7-BD4D-AE46CF218C4B}.Release|Any CPU.ActiveCfg = Release|Any CPU
		{338814A0-C190-52C7-BD4D-AE46CF218C4B}.Release|Any CPU.Build.0 = Release|Any CPU
		{755F054B-8509-E072-D06A-AC937EA969F5}.Debug|Any CPU.ActiveCfg = Debug|Any CPU
		{755F054B-8509-E072-D06A-AC937EA969F5}.Debug|Any CPU.Build.0 = Debug|Any CPU
		{755F054B-8509-E072-D06A-AC937EA969F5}.Release|Any CPU.ActiveCfg = Release|Any CPU
		{755F054B-8509-E072-D06A-AC937EA969F5}.Release|Any CPU.Build.0 = Release|Any CPU
	EndGlobalSection
	GlobalSection(SolutionProperties) = preSolution
		HideSolutionNode = FALSE
	EndGlobalSection
EndGlobal
