
Microsoft Visual Studio Solution File, Format Version 12.00
# Visual Studio 15
Project("{FAE04EC0-301F-11D3-BF4B-00C04F79EFBC}") = "Oculus.Platform", "Oculus.Platform.csproj", "{88D9FD73-0D17-71A6-66B6-76F398B47FCD}"
EndProject
Project("{FAE04EC0-301F-11D3-BF4B-00C04F79EFBC}") = "Assembly-CSharp", "Assembly-CSharp.csproj", "{7D2569DC-6A4A-971F-FBEA-8E6E8FC61545}"
EndProject
Project("{FAE04EC0-301F-11D3-BF4B-00C04F79EFBC}") = "Oculus.Spatializer", "Oculus.Spatializer.csproj", "{1FA1F079-E61F-74E0-F0D2-8F02BEE9E79C}"
EndProject
Project("{FAE04EC0-301F-11D3-BF4B-00C04F79EFBC}") = "Oculus.Interaction", "Oculus.Interaction.csproj", "{CCC300D9-7119-9360-299F-79EB6EA3628E}"
EndProject
Project("{FAE04EC0-301F-11D3-BF4B-00C04F79EFBC}") = "Meta.WitAi", "Meta.WitAi.csproj", "{FA6AFD4A-BC72-70A7-7EE0-E040C080FCA2}"
EndProject
Project("{FAE04EC0-301F-11D3-BF4B-00C04F79EFBC}") = "Oculus.Interaction.OVR.Samples", "Oculus.Interaction.OVR.Samples.csproj", "{31857487-643F-3A97-1627-818C2A755F7D}"
EndProject
Project("{FAE04EC0-301F-11D3-BF4B-00C04F79EFBC}") = "Oculus.VR", "Oculus.VR.csproj", "{7FC22071-5EBD-9296-0ABF-0C95C55DD3BA}"
EndProject
Project("{FAE04EC0-301F-11D3-BF4B-00C04F79EFBC}") = "VoiceSDK.Dictation.Runtime", "VoiceSDK.Dictation.Runtime.csproj", "{99AA8653-B3C8-C027-7368-2F8A0DEE17CA}"
EndProject
Project("{FAE04EC0-301F-11D3-BF4B-00C04F79EFBC}") = "Meta.WitAi.TTS", "Meta.WitAi.TTS.csproj", "{27A29604-1A83-7245-E5B7-966F3615AD54}"
EndProject
Project("{FAE04EC0-301F-11D3-BF4B-00C04F79EFBC}") = "Oculus.AudioManager", "Oculus.AudioManager.csproj", "{64879BB5-9E31-1B14-E0AF-7AF01EC7C0DE}"
EndProject
Project("{FAE04EC0-301F-11D3-BF4B-00C04F79EFBC}") = "VoiceSDK.Runtime", "VoiceSDK.Runtime.csproj", "{11496183-5E94-E891-0D49-C20825022C95}"
EndProject
Project("{FAE04EC0-301F-11D3-BF4B-00C04F79EFBC}") = "Facebook.Wit.Dictation", "Facebook.Wit.Dictation.csproj", "{35A7A2E5-1C42-FB25-ADE7-9A6AD16F7167}"
EndProject
Project("{FAE04EC0-301F-11D3-BF4B-00C04F79EFBC}") = "Meta.WitAi.Lib", "Meta.WitAi.Lib.csproj", "{54C2DE0D-D509-8823-5B43-8C76B355BCB7}"
EndProject
Project("{FAE04EC0-301F-11D3-BF4B-00C04F79EFBC}") = "Meta.WitAi.TTS.Samples", "Meta.WitAi.TTS.Samples.csproj", "{8D9FBB43-122D-EF56-089F-3E3BC7D5717E}"
EndProject
Project("{FAE04EC0-301F-11D3-BF4B-00C04F79EFBC}") = "Oculus.Voice.Demo", "Oculus.Voice.Demo.csproj", "{9A43E954-9148-AE38-80B3-02CBAE7C0653}"
EndProject
Project("{FAE04EC0-301F-11D3-BF4B-00C04F79EFBC}") = "Oculus.Interaction.OVR", "Oculus.Interaction.OVR.csproj", "{35004BD8-BBF3-F40C-DFB1-580EDA34B459}"
EndProject
Project("{FAE04EC0-301F-11D3-BF4B-00C04F79EFBC}") = "AssistantCoreSDKRuntime", "AssistantCoreSDKRuntime.csproj", "{7C647349-EA67-66DF-08A3-1975319EC887}"
EndProject
Project("{FAE04EC0-301F-11D3-BF4B-00C04F79EFBC}") = "Meta.WitAi.Conduit", "Meta.WitAi.Conduit.csproj", "{4D6BEFED-A32B-9FA5-315C-4FA648AD3EF7}"
EndProject
Project("{FAE04EC0-301F-11D3-BF4B-00C04F79EFBC}") = "Oculus.LipSync", "Oculus.LipSync.csproj", "{5DC62928-8070-B93E-34A4-BF2D709E9E47}"
EndProject
Project("{FAE04EC0-301F-11D3-BF4B-00C04F79EFBC}") = "Meta.VoiceSDK.Mic.Other", "Meta.VoiceSDK.Mic.Other.csproj", "{C95A45B6-BC91-2DF4-9F31-DA1EFE476FA8}"
EndProject
Project("{FAE04EC0-301F-11D3-BF4B-00C04F79EFBC}") = "Meta.VoiceSDK.Mic.Common", "Meta.VoiceSDK.Mic.Common.csproj", "{8FD43CD8-6471-416C-926B-0E8BD168AD02}"
EndProject
Project("{FAE04EC0-301F-11D3-BF4B-00C04F79EFBC}") = "Meta.WitAi.Editor", "Meta.WitAi.Editor.csproj", "{19D6A33C-FAA5-DFA3-5ECA-1162E01D58C0}"
EndProject
Project("{FAE04EC0-301F-11D3-BF4B-00C04F79EFBC}") = "Oculus.Interaction.Editor", "Oculus.Interaction.Editor.csproj", "{36B93804-7054-9AFC-9AFF-9327EB0879B7}"
EndProject
Project("{FAE04EC0-301F-11D3-BF4B-00C04F79EFBC}") = "Meta.WitAI.Lib.Editor", "Meta.WitAI.Lib.Editor.csproj", "{85BB34AF-2760-7761-C945-E298A36F86B2}"
EndProject
Project("{FAE04EC0-301F-11D3-BF4B-00C04F79EFBC}") = "Oculus.VR.Editor", "Oculus.VR.Editor.csproj", "{CBB7EB0D-361A-8BB5-DB18-34EC47ADFB90}"
EndProject
Project("{FAE04EC0-301F-11D3-BF4B-00C04F79EFBC}") = "Meta.WitAi.Conduit.Editor", "Meta.WitAi.Conduit.Editor.csproj", "{32DA8FCB-DC05-2898-03CE-098404AA17C5}"
EndProject
Project("{FAE04EC0-301F-11D3-BF4B-00C04F79EFBC}") = "Oculus.Interaction.OVR.Editor", "Oculus.Interaction.OVR.Editor.csproj", "{079009C9-4EF0-5B84-3C4D-3173DCA1798A}"
EndProject
Project("{FAE04EC0-301F-11D3-BF4B-00C04F79EFBC}") = "Assembly-CSharp-Editor", "Assembly-CSharp-Editor.csproj", "{BC65857F-F332-7FCC-4BC2-5DEAFC80D376}"
EndProject
Project("{FAE04EC0-301F-11D3-BF4B-00C04F79EFBC}") = "Oculus.Interaction.Samples.Editor", "Oculus.Interaction.Samples.Editor.csproj", "{000B9528-4195-9C58-5361-A690D9848448}"
EndProject
Project("{FAE04EC0-301F-11D3-BF4B-00C04F79EFBC}") = "Oculus.VR.Scripts.Editor", "Oculus.VR.Scripts.Editor.csproj", "{A572A5F9-4511-0975-0615-E6494AFD8C6C}"
EndProject
Project("{FAE04EC0-301F-11D3-BF4B-00C04F79EFBC}") = "VoiceSDK.Editor", "VoiceSDK.Editor.csproj", "{4D71F515-3D3B-04EE-A874-54107A6D7767}"
EndProject
Project("{FAE04EC0-301F-11D3-BF4B-00C04F79EFBC}") = "Oculus.Spatializer.Editor", "Oculus.Spatializer.Editor.csproj", "{798A11F8-1531-E15B-1853-A0BE2CF5D8C9}"
EndProject
Project("{FAE04EC0-301F-11D3-BF4B-00C04F79EFBC}") = "Meta.WitAi.TTS.Editor", "Meta.WitAi.TTS.Editor.csproj", "{8867B1F4-2203-A243-70FE-344CE25AB6D7}"
EndProject
Project("{FAE04EC0-301F-11D3-BF4B-00C04F79EFBC}") = "Facebook.Wit.Dictation.Editor", "Facebook.Wit.Dictation.Editor.csproj", "{BC5A862F-AF22-3C9C-502D-8BAF05144EA1}"
EndProject
Project("{FAE04EC0-301F-11D3-BF4B-00C04F79EFBC}") = "VoiceSDK.Dictation.Editor", "VoiceSDK.Dictation.Editor.csproj", "{763A5C75-377F-17E1-DDAE-D34293D38676}"
EndProject
Project("{FAE04EC0-301F-11D3-BF4B-00C04F79EFBC}") = "Oculus.Platform.Editor", "Oculus.Platform.Editor.csproj", "{0B7546AD-CF26-E3F2-91A4-A332944EB499}"
EndProject
Project("{FAE04EC0-301F-11D3-BF4B-00C04F79EFBC}") = "Oculus.AudioManager.Audio.Editor", "Oculus.AudioManager.Audio.Editor.csproj", "{C9FACDFD-43B2-02CC-0EE8-0F7C403C5205}"
EndProject
Project("{FAE04EC0-301F-11D3-BF4B-00C04F79EFBC}") = "Oculus.Interaction.InterfaceSupport", "Oculus.Interaction.InterfaceSupport.csproj", "{BCFE6E90-70CB-B2AE-20A4-B3DD5D42F43D}"
EndProject
Project("{FAE04EC0-301F-11D3-BF4B-00C04F79EFBC}") = "Oculus.LipSync.Editor", "Oculus.LipSync.Editor.csproj", "{C54F2FE8-300D-297A-1029-B4C7D53C90E6}"
EndProject
Project("{FAE04EC0-301F-11D3-BF4B-00C04F79EFBC}") = "AssistantCoreSDKEditor", "AssistantCoreSDKEditor.csproj", "{ABDA8648-478F-79D5-0832-1729EFCC869E}"
EndProject
Project("{FAE04EC0-301F-11D3-BF4B-00C04F79EFBC}") = "Oculus.AudioManager.Utils.Editor", "Oculus.AudioManager.Utils.Editor.csproj", "{564AB4AC-139E-1333-DBC8-94A484D8BBF6}"
EndProject
Global
	GlobalSection(SolutionConfigurationPlatforms) = preSolution
		Debug|Any CPU = Debug|Any CPU
		Release|Any CPU = Release|Any CPU
	EndGlobalSection
	GlobalSection(ProjectConfigurationPlatforms) = postSolution
		{88D9FD73-0D17-71A6-66B6-76F398B47FCD}.Debug|Any CPU.ActiveCfg = Debug|Any CPU
		{88D9FD73-0D17-71A6-66B6-76F398B47FCD}.Debug|Any CPU.Build.0 = Debug|Any CPU
		{88D9FD73-0D17-71A6-66B6-76F398B47FCD}.Release|Any CPU.ActiveCfg = Release|Any CPU
		{88D9FD73-0D17-71A6-66B6-76F398B47FCD}.Release|Any CPU.Build.0 = Release|Any CPU
		{7D2569DC-6A4A-971F-FBEA-8E6E8FC61545}.Debug|Any CPU.ActiveCfg = Debug|Any CPU
		{7D2569DC-6A4A-971F-FBEA-8E6E8FC61545}.Debug|Any CPU.Build.0 = Debug|Any CPU
		{7D2569DC-6A4A-971F-FBEA-8E6E8FC61545}.Release|Any CPU.ActiveCfg = Release|Any CPU
		{7D2569DC-6A4A-971F-FBEA-8E6E8FC61545}.Release|Any CPU.Build.0 = Release|Any CPU
		{1FA1F079-E61F-74E0-F0D2-8F02BEE9E79C}.Debug|Any CPU.ActiveCfg = Debug|Any CPU
		{1FA1F079-E61F-74E0-F0D2-8F02BEE9E79C}.Debug|Any CPU.Build.0 = Debug|Any CPU
		{1FA1F079-E61F-74E0-F0D2-8F02BEE9E79C}.Release|Any CPU.ActiveCfg = Release|Any CPU
		{1FA1F079-E61F-74E0-F0D2-8F02BEE9E79C}.Release|Any CPU.Build.0 = Release|Any CPU
		{CCC300D9-7119-9360-299F-79EB6EA3628E}.Debug|Any CPU.ActiveCfg = Debug|Any CPU
		{CCC300D9-7119-9360-299F-79EB6EA3628E}.Debug|Any CPU.Build.0 = Debug|Any CPU
		{CCC300D9-7119-9360-299F-79EB6EA3628E}.Release|Any CPU.ActiveCfg = Release|Any CPU
		{CCC300D9-7119-9360-299F-79EB6EA3628E}.Release|Any CPU.Build.0 = Release|Any CPU
		{FA6AFD4A-BC72-70A7-7EE0-E040C080FCA2}.Debug|Any CPU.ActiveCfg = Debug|Any CPU
		{FA6AFD4A-BC72-70A7-7EE0-E040C080FCA2}.Debug|Any CPU.Build.0 = Debug|Any CPU
		{FA6AFD4A-BC72-70A7-7EE0-E040C080FCA2}.Release|Any CPU.ActiveCfg = Release|Any CPU
		{FA6AFD4A-BC72-70A7-7EE0-E040C080FCA2}.Release|Any CPU.Build.0 = Release|Any CPU
		{31857487-643F-3A97-1627-818C2A755F7D}.Debug|Any CPU.ActiveCfg = Debug|Any CPU
		{31857487-643F-3A97-1627-818C2A755F7D}.Debug|Any CPU.Build.0 = Debug|Any CPU
		{31857487-643F-3A97-1627-818C2A755F7D}.Release|Any CPU.ActiveCfg = Release|Any CPU
		{31857487-643F-3A97-1627-818C2A755F7D}.Release|Any CPU.Build.0 = Release|Any CPU
		{7FC22071-5EBD-9296-0ABF-0C95C55DD3BA}.Debug|Any CPU.ActiveCfg = Debug|Any CPU
		{7FC22071-5EBD-9296-0ABF-0C95C55DD3BA}.Debug|Any CPU.Build.0 = Debug|Any CPU
		{7FC22071-5EBD-9296-0ABF-0C95C55DD3BA}.Release|Any CPU.ActiveCfg = Release|Any CPU
		{7FC22071-5EBD-9296-0ABF-0C95C55DD3BA}.Release|Any CPU.Build.0 = Release|Any CPU
		{99AA8653-B3C8-C027-7368-2F8A0DEE17CA}.Debug|Any CPU.ActiveCfg = Debug|Any CPU
		{99AA8653-B3C8-C027-7368-2F8A0DEE17CA}.Debug|Any CPU.Build.0 = Debug|Any CPU
		{99AA8653-B3C8-C027-7368-2F8A0DEE17CA}.Release|Any CPU.ActiveCfg = Release|Any CPU
		{99AA8653-B3C8-C027-7368-2F8A0DEE17CA}.Release|Any CPU.Build.0 = Release|Any CPU
		{27A29604-1A83-7245-E5B7-966F3615AD54}.Debug|Any CPU.ActiveCfg = Debug|Any CPU
		{27A29604-1A83-7245-E5B7-966F3615AD54}.Debug|Any CPU.Build.0 = Debug|Any CPU
		{27A29604-1A83-7245-E5B7-966F3615AD54}.Release|Any CPU.ActiveCfg = Release|Any CPU
		{27A29604-1A83-7245-E5B7-966F3615AD54}.Release|Any CPU.Build.0 = Release|Any CPU
		{64879BB5-9E31-1B14-E0AF-7AF01EC7C0DE}.Debug|Any CPU.ActiveCfg = Debug|Any CPU
		{64879BB5-9E31-1B14-E0AF-7AF01EC7C0DE}.Debug|Any CPU.Build.0 = Debug|Any CPU
		{64879BB5-9E31-1B14-E0AF-7AF01EC7C0DE}.Release|Any CPU.ActiveCfg = Release|Any CPU
		{64879BB5-9E31-1B14-E0AF-7AF01EC7C0DE}.Release|Any CPU.Build.0 = Release|Any CPU
		{11496183-5E94-E891-0D49-C20825022C95}.Debug|Any CPU.ActiveCfg = Debug|Any CPU
		{11496183-5E94-E891-0D49-C20825022C95}.Debug|Any CPU.Build.0 = Debug|Any CPU
		{11496183-5E94-E891-0D49-C20825022C95}.Release|Any CPU.ActiveCfg = Release|Any CPU
		{11496183-5E94-E891-0D49-C20825022C95}.Release|Any CPU.Build.0 = Release|Any CPU
		{35A7A2E5-1C42-FB25-ADE7-9A6AD16F7167}.Debug|Any CPU.ActiveCfg = Debug|Any CPU
		{35A7A2E5-1C42-FB25-ADE7-9A6AD16F7167}.Debug|Any CPU.Build.0 = Debug|Any CPU
		{35A7A2E5-1C42-FB25-ADE7-9A6AD16F7167}.Release|Any CPU.ActiveCfg = Release|Any CPU
		{35A7A2E5-1C42-FB25-ADE7-9A6AD16F7167}.Release|Any CPU.Build.0 = Release|Any CPU
		{54C2DE0D-D509-8823-5B43-8C76B355BCB7}.Debug|Any CPU.ActiveCfg = Debug|Any CPU
		{54C2DE0D-D509-8823-5B43-8C76B355BCB7}.Debug|Any CPU.Build.0 = Debug|Any CPU
		{54C2DE0D-D509-8823-5B43-8C76B355BCB7}.Release|Any CPU.ActiveCfg = Release|Any CPU
		{54C2DE0D-D509-8823-5B43-8C76B355BCB7}.Release|Any CPU.Build.0 = Release|Any CPU
		{8D9FBB43-122D-EF56-089F-3E3BC7D5717E}.Debug|Any CPU.ActiveCfg = Debug|Any CPU
		{8D9FBB43-122D-EF56-089F-3E3BC7D5717E}.Debug|Any CPU.Build.0 = Debug|Any CPU
		{8D9FBB43-122D-EF56-089F-3E3BC7D5717E}.Release|Any CPU.ActiveCfg = Release|Any CPU
		{8D9FBB43-122D-EF56-089F-3E3BC7D5717E}.Release|Any CPU.Build.0 = Release|Any CPU
		{9A43E954-9148-AE38-80B3-02CBAE7C0653}.Debug|Any CPU.ActiveCfg = Debug|Any CPU
		{9A43E954-9148-AE38-80B3-02CBAE7C0653}.Debug|Any CPU.Build.0 = Debug|Any CPU
		{9A43E954-9148-AE38-80B3-02CBAE7C0653}.Release|Any CPU.ActiveCfg = Release|Any CPU
		{9A43E954-9148-AE38-80B3-02CBAE7C0653}.Release|Any CPU.Build.0 = Release|Any CPU
		{35004BD8-BBF3-F40C-DFB1-580EDA34B459}.Debug|Any CPU.ActiveCfg = Debug|Any CPU
		{35004BD8-BBF3-F40C-DFB1-580EDA34B459}.Debug|Any CPU.Build.0 = Debug|Any CPU
		{35004BD8-BBF3-F40C-DFB1-580EDA34B459}.Release|Any CPU.ActiveCfg = Release|Any CPU
		{35004BD8-BBF3-F40C-DFB1-580EDA34B459}.Release|Any CPU.Build.0 = Release|Any CPU
		{7C647349-EA67-66DF-08A3-1975319EC887}.Debug|Any CPU.ActiveCfg = Debug|Any CPU
		{7C647349-EA67-66DF-08A3-1975319EC887}.Debug|Any CPU.Build.0 = Debug|Any CPU
		{7C647349-EA67-66DF-08A3-1975319EC887}.Release|Any CPU.ActiveCfg = Release|Any CPU
		{7C647349-EA67-66DF-08A3-1975319EC887}.Release|Any CPU.Build.0 = Release|Any CPU
		{4D6BEFED-A32B-9FA5-315C-4FA648AD3EF7}.Debug|Any CPU.ActiveCfg = Debug|Any CPU
		{4D6BEFED-A32B-9FA5-315C-4FA648AD3EF7}.Debug|Any CPU.Build.0 = Debug|Any CPU
		{4D6BEFED-A32B-9FA5-315C-4FA648AD3EF7}.Release|Any CPU.ActiveCfg = Release|Any CPU
		{4D6BEFED-A32B-9FA5-315C-4FA648AD3EF7}.Release|Any CPU.Build.0 = Release|Any CPU
		{5DC62928-8070-B93E-34A4-BF2D709E9E47}.Debug|Any CPU.ActiveCfg = Debug|Any CPU
		{5DC62928-8070-B93E-34A4-BF2D709E9E47}.Debug|Any CPU.Build.0 = Debug|Any CPU
		{5DC62928-8070-B93E-34A4-BF2D709E9E47}.Release|Any CPU.ActiveCfg = Release|Any CPU
		{5DC62928-8070-B93E-34A4-BF2D709E9E47}.Release|Any CPU.Build.0 = Release|Any CPU
		{C95A45B6-BC91-2DF4-9F31-DA1EFE476FA8}.Debug|Any CPU.ActiveCfg = Debug|Any CPU
		{C95A45B6-BC91-2DF4-9F31-DA1EFE476FA8}.Debug|Any CPU.Build.0 = Debug|Any CPU
		{C95A45B6-BC91-2DF4-9F31-DA1EFE476FA8}.Release|Any CPU.ActiveCfg = Release|Any CPU
		{C95A45B6-BC91-2DF4-9F31-DA1EFE476FA8}.Release|Any CPU.Build.0 = Release|Any CPU
		{8FD43CD8-6471-416C-926B-0E8BD168AD02}.Debug|Any CPU.ActiveCfg = Debug|Any CPU
		{8FD43CD8-6471-416C-926B-0E8BD168AD02}.Debug|Any CPU.Build.0 = Debug|Any CPU
		{8FD43CD8-6471-416C-926B-0E8BD168AD02}.Release|Any CPU.ActiveCfg = Release|Any CPU
		{8FD43CD8-6471-416C-926B-0E8BD168AD02}.Release|Any CPU.Build.0 = Release|Any CPU
		{19D6A33C-FAA5-DFA3-5ECA-1162E01D58C0}.Debug|Any CPU.ActiveCfg = Debug|Any CPU
		{19D6A33C-FAA5-DFA3-5ECA-1162E01D58C0}.Debug|Any CPU.Build.0 = Debug|Any CPU
		{19D6A33C-FAA5-DFA3-5ECA-1162E01D58C0}.Release|Any CPU.ActiveCfg = Release|Any CPU
		{19D6A33C-FAA5-DFA3-5ECA-1162E01D58C0}.Release|Any CPU.Build.0 = Release|Any CPU
		{36B93804-7054-9AFC-9AFF-9327EB0879B7}.Debug|Any CPU.ActiveCfg = Debug|Any CPU
		{36B93804-7054-9AFC-9AFF-9327EB0879B7}.Debug|Any CPU.Build.0 = Debug|Any CPU
		{36B93804-7054-9AFC-9AFF-9327EB0879B7}.Release|Any CPU.ActiveCfg = Release|Any CPU
		{36B93804-7054-9AFC-9AFF-9327EB0879B7}.Release|Any CPU.Build.0 = Release|Any CPU
		{85BB34AF-2760-7761-C945-E298A36F86B2}.Debug|Any CPU.ActiveCfg = Debug|Any CPU
		{85BB34AF-2760-7761-C945-E298A36F86B2}.Debug|Any CPU.Build.0 = Debug|Any CPU
		{85BB34AF-2760-7761-C945-E298A36F86B2}.Release|Any CPU.ActiveCfg = Release|Any CPU
		{85BB34AF-2760-7761-C945-E298A36F86B2}.Release|Any CPU.Build.0 = Release|Any CPU
		{CBB7EB0D-361A-8BB5-DB18-34EC47ADFB90}.Debug|Any CPU.ActiveCfg = Debug|Any CPU
		{CBB7EB0D-361A-8BB5-DB18-34EC47ADFB90}.Debug|Any CPU.Build.0 = Debug|Any CPU
		{CBB7EB0D-361A-8BB5-DB18-34EC47ADFB90}.Release|Any CPU.ActiveCfg = Release|Any CPU
		{CBB7EB0D-361A-8BB5-DB18-34EC47ADFB90}.Release|Any CPU.Build.0 = Release|Any CPU
		{32DA8FCB-DC05-2898-03CE-098404AA17C5}.Debug|Any CPU.ActiveCfg = Debug|Any CPU
		{32DA8FCB-DC05-2898-03CE-098404AA17C5}.Debug|Any CPU.Build.0 = Debug|Any CPU
		{32DA8FCB-DC05-2898-03CE-098404AA17C5}.Release|Any CPU.ActiveCfg = Release|Any CPU
		{32DA8FCB-DC05-2898-03CE-098404AA17C5}.Release|Any CPU.Build.0 = Release|Any CPU
		{079009C9-4EF0-5B84-3C4D-3173DCA1798A}.Debug|Any CPU.ActiveCfg = Debug|Any CPU
		{079009C9-4EF0-5B84-3C4D-3173DCA1798A}.Debug|Any CPU.Build.0 = Debug|Any CPU
		{079009C9-4EF0-5B84-3C4D-3173DCA1798A}.Release|Any CPU.ActiveCfg = Release|Any CPU
		{079009C9-4EF0-5B84-3C4D-3173DCA1798A}.Release|Any CPU.Build.0 = Release|Any CPU
		{BC65857F-F332-7FCC-4BC2-5DEAFC80D376}.Debug|Any CPU.ActiveCfg = Debug|Any CPU
		{BC65857F-F332-7FCC-4BC2-5DEAFC80D376}.Debug|Any CPU.Build.0 = Debug|Any CPU
		{BC65857F-F332-7FCC-4BC2-5DEAFC80D376}.Release|Any CPU.ActiveCfg = Release|Any CPU
		{BC65857F-F332-7FCC-4BC2-5DEAFC80D376}.Release|Any CPU.Build.0 = Release|Any CPU
		{000B9528-4195-9C58-5361-A690D9848448}.Debug|Any CPU.ActiveCfg = Debug|Any CPU
		{000B9528-4195-9C58-5361-A690D9848448}.Debug|Any CPU.Build.0 = Debug|Any CPU
		{000B9528-4195-9C58-5361-A690D9848448}.Release|Any CPU.ActiveCfg = Release|Any CPU
		{000B9528-4195-9C58-5361-A690D9848448}.Release|Any CPU.Build.0 = Release|Any CPU
		{A572A5F9-4511-0975-0615-E6494AFD8C6C}.Debug|Any CPU.ActiveCfg = Debug|Any CPU
		{A572A5F9-4511-0975-0615-E6494AFD8C6C}.Debug|Any CPU.Build.0 = Debug|Any CPU
		{A572A5F9-4511-0975-0615-E6494AFD8C6C}.Release|Any CPU.ActiveCfg = Release|Any CPU
		{A572A5F9-4511-0975-0615-E6494AFD8C6C}.Release|Any CPU.Build.0 = Release|Any CPU
		{4D71F515-3D3B-04EE-A874-54107A6D7767}.Debug|Any CPU.ActiveCfg = Debug|Any CPU
		{4D71F515-3D3B-04EE-A874-54107A6D7767}.Debug|Any CPU.Build.0 = Debug|Any CPU
		{4D71F515-3D3B-04EE-A874-54107A6D7767}.Release|Any CPU.ActiveCfg = Release|Any CPU
		{4D71F515-3D3B-04EE-A874-54107A6D7767}.Release|Any CPU.Build.0 = Release|Any CPU
		{798A11F8-1531-E15B-1853-A0BE2CF5D8C9}.Debug|Any CPU.ActiveCfg = Debug|Any CPU
		{798A11F8-1531-E15B-1853-A0BE2CF5D8C9}.Debug|Any CPU.Build.0 = Debug|Any CPU
		{798A11F8-1531-E15B-1853-A0BE2CF5D8C9}.Release|Any CPU.ActiveCfg = Release|Any CPU
		{798A11F8-1531-E15B-1853-A0BE2CF5D8C9}.Release|Any CPU.Build.0 = Release|Any CPU
		{8867B1F4-2203-A243-70FE-344CE25AB6D7}.Debug|Any CPU.ActiveCfg = Debug|Any CPU
		{8867B1F4-2203-A243-70FE-344CE25AB6D7}.Debug|Any CPU.Build.0 = Debug|Any CPU
		{8867B1F4-2203-A243-70FE-344CE25AB6D7}.Release|Any CPU.ActiveCfg = Release|Any CPU
		{8867B1F4-2203-A243-70FE-344CE25AB6D7}.Release|Any CPU.Build.0 = Release|Any CPU
		{BC5A862F-AF22-3C9C-502D-8BAF05144EA1}.Debug|Any CPU.ActiveCfg = Debug|Any CPU
		{BC5A862F-AF22-3C9C-502D-8BAF05144EA1}.Debug|Any CPU.Build.0 = Debug|Any CPU
		{BC5A862F-AF22-3C9C-502D-8BAF05144EA1}.Release|Any CPU.ActiveCfg = Release|Any CPU
		{BC5A862F-AF22-3C9C-502D-8BAF05144EA1}.Release|Any CPU.Build.0 = Release|Any CPU
		{763A5C75-377F-17E1-DDAE-D34293D38676}.Debug|Any CPU.ActiveCfg = Debug|Any CPU
		{763A5C75-377F-17E1-DDAE-D34293D38676}.Debug|Any CPU.Build.0 = Debug|Any CPU
		{763A5C75-377F-17E1-DDAE-D34293D38676}.Release|Any CPU.ActiveCfg = Release|Any CPU
		{763A5C75-377F-17E1-DDAE-D34293D38676}.Release|Any CPU.Build.0 = Release|Any CPU
		{0B7546AD-CF26-E3F2-91A4-A332944EB499}.Debug|Any CPU.ActiveCfg = Debug|Any CPU
		{0B7546AD-CF26-E3F2-91A4-A332944EB499}.Debug|Any CPU.Build.0 = Debug|Any CPU
		{0B7546AD-CF26-E3F2-91A4-A332944EB499}.Release|Any CPU.ActiveCfg = Release|Any CPU
		{0B7546AD-CF26-E3F2-91A4-A332944EB499}.Release|Any CPU.Build.0 = Release|Any CPU
		{C9FACDFD-43B2-02CC-0EE8-0F7C403C5205}.Debug|Any CPU.ActiveCfg = Debug|Any CPU
		{C9FACDFD-43B2-02CC-0EE8-0F7C403C5205}.Debug|Any CPU.Build.0 = Debug|Any CPU
		{C9FACDFD-43B2-02CC-0EE8-0F7C403C5205}.Release|Any CPU.ActiveCfg = Release|Any CPU
		{C9FACDFD-43B2-02CC-0EE8-0F7C403C5205}.Release|Any CPU.Build.0 = Release|Any CPU
		{BCFE6E90-70CB-B2AE-20A4-B3DD5D42F43D}.Debug|Any CPU.ActiveCfg = Debug|Any CPU
		{BCFE6E90-70CB-B2AE-20A4-B3DD5D42F43D}.Debug|Any CPU.Build.0 = Debug|Any CPU
		{BCFE6E90-70CB-B2AE-20A4-B3DD5D42F43D}.Release|Any CPU.ActiveCfg = Release|Any CPU
		{BCFE6E90-70CB-B2AE-20A4-B3DD5D42F43D}.Release|Any CPU.Build.0 = Release|Any CPU
		{C54F2FE8-300D-297A-1029-B4C7D53C90E6}.Debug|Any CPU.ActiveCfg = Debug|Any CPU
		{C54F2FE8-300D-297A-1029-B4C7D53C90E6}.Debug|Any CPU.Build.0 = Debug|Any CPU
		{C54F2FE8-300D-297A-1029-B4C7D53C90E6}.Release|Any CPU.ActiveCfg = Release|Any CPU
		{C54F2FE8-300D-297A-1029-B4C7D53C90E6}.Release|Any CPU.Build.0 = Release|Any CPU
		{ABDA8648-478F-79D5-0832-1729EFCC869E}.Debug|Any CPU.ActiveCfg = Debug|Any CPU
		{ABDA8648-478F-79D5-0832-1729EFCC869E}.Debug|Any CPU.Build.0 = Debug|Any CPU
		{ABDA8648-478F-79D5-0832-1729EFCC869E}.Release|Any CPU.ActiveCfg = Release|Any CPU
		{ABDA8648-478F-79D5-0832-1729EFCC869E}.Release|Any CPU.Build.0 = Release|Any CPU
		{564AB4AC-139E-1333-DBC8-94A484D8BBF6}.Debug|Any CPU.ActiveCfg = Debug|Any CPU
		{564AB4AC-139E-1333-DBC8-94A484D8BBF6}.Debug|Any CPU.Build.0 = Debug|Any CPU
		{564AB4AC-139E-1333-DBC8-94A484D8BBF6}.Release|Any CPU.ActiveCfg = Release|Any CPU
		{564AB4AC-139E-1333-DBC8-94A484D8BBF6}.Release|Any CPU.Build.0 = Release|Any CPU
	EndGlobalSection
	GlobalSection(SolutionProperties) = preSolution
		HideSolutionNode = FALSE
	EndGlobalSection
EndGlobal
