
Microsoft Visual Studio Solution File, Format Version 12.00
# Visual Studio 15
Project("{FAE04EC0-301F-11D3-BF4B-00C04F79EFBC}") = "Oculus.Platform", "Oculus.Platform.csproj", "{05FA4BE8-FB60-B4C0-415C-EFAD574ABC5F}"
EndProject
Project("{FAE04EC0-301F-11D3-BF4B-00C04F79EFBC}") = "Assembly-CSharp", "Assembly-CSharp.csproj", "{7A8481D9-5C46-A0A4-6CEB-62F030A51B0D}"
EndProject
Project("{FAE04EC0-301F-11D3-BF4B-00C04F79EFBC}") = "Oculus.Spatializer", "Oculus.Spatializer.csproj", "{57EDB94F-AA0E-AA65-DAD3-F32CC0BA9CD9}"
EndProject
Project("{FAE04EC0-301F-11D3-BF4B-00C04F79EFBC}") = "Oculus.Interaction", "Oculus.Interaction.csproj", "{9D8414AC-F2CF-A437-5C0B-4D6CAFD8C720}"
EndProject
Project("{FAE04EC0-301F-11D3-BF4B-00C04F79EFBC}") = "Meta.WitAi", "Meta.WitAi.csproj", "{37D6CA03-3177-4F21-8975-B581F3047958}"
EndProject
Project("{FAE04EC0-301F-11D3-BF4B-00C04F79EFBC}") = "Oculus.Interaction.OVR.Samples", "Oculus.Interaction.OVR.Samples.csproj", "{E9D7809E-FC61-5383-55C1-D7DAB24AA1CC}"
EndProject
Project("{FAE04EC0-301F-11D3-BF4B-00C04F79EFBC}") = "Oculus.VR", "Oculus.VR.csproj", "{AC6FF853-26D2-FD0B-41FA-45AF4E313851}"
EndProject
Project("{FAE04EC0-301F-11D3-BF4B-00C04F79EFBC}") = "VoiceSDK.Dictation.Runtime", "VoiceSDK.Dictation.Runtime.csproj", "{F9190620-121F-9FAD-9984-2CBB45EFA337}"
EndProject
Project("{FAE04EC0-301F-11D3-BF4B-00C04F79EFBC}") = "Meta.WitAi.TTS", "Meta.WitAi.TTS.csproj", "{DBD7886E-4554-20EE-88C7-8E5D4D04F3DB}"
EndProject
Project("{FAE04EC0-301F-11D3-BF4B-00C04F79EFBC}") = "Oculus.AudioManager", "Oculus.AudioManager.csproj", "{3FF9A865-9AD7-1DE7-BA79-59B9F34430B1}"
EndProject
Project("{FAE04EC0-301F-11D3-BF4B-00C04F79EFBC}") = "VoiceSDK.Runtime", "VoiceSDK.Runtime.csproj", "{2C0E135E-2586-EE3B-EC80-173F7670FAC0}"
EndProject
Project("{FAE04EC0-301F-11D3-BF4B-00C04F79EFBC}") = "Facebook.Wit.Dictation", "Facebook.Wit.Dictation.csproj", "{786874D2-6FDA-A801-5A50-D0F64900534B}"
EndProject
Project("{FAE04EC0-301F-11D3-BF4B-00C04F79EFBC}") = "Meta.WitAi.Lib", "Meta.WitAi.Lib.csproj", "{A409C8D0-A667-0022-CAD9-48FFA38A5376}"
EndProject
Project("{FAE04EC0-301F-11D3-BF4B-00C04F79EFBC}") = "Meta.WitAi.TTS.Samples", "Meta.WitAi.TTS.Samples.csproj", "{FB165A91-6672-063B-C259-141AC1AB9FFD}"
EndProject
Project("{FAE04EC0-301F-11D3-BF4B-00C04F79EFBC}") = "Oculus.Voice.Demo", "Oculus.Voice.Demo.csproj", "{4E9AFEC6-084E-870F-7E93-5E5B554F75C2}"
EndProject
Project("{FAE04EC0-301F-11D3-BF4B-00C04F79EFBC}") = "Oculus.Interaction.OVR", "Oculus.Interaction.OVR.csproj", "{947F7A7A-4ACD-B914-143B-345576FF0F3C}"
EndProject
Project("{FAE04EC0-301F-11D3-BF4B-00C04F79EFBC}") = "AssistantCoreSDKRuntime", "AssistantCoreSDKRuntime.csproj", "{C77BB5C3-5F48-8A0D-ADF6-68359EF2CDD8}"
EndProject
Project("{FAE04EC0-301F-11D3-BF4B-00C04F79EFBC}") = "Meta.WitAi.Conduit", "Meta.WitAi.Conduit.csproj", "{EDD141CE-6A4A-9288-CAA1-C993F05A56A0}"
EndProject
Project("{FAE04EC0-301F-11D3-BF4B-00C04F79EFBC}") = "Oculus.LipSync", "Oculus.LipSync.csproj", "{AD6E2FA9-747F-AD98-FF76-9708AAB4C737}"
EndProject
Project("{FAE04EC0-301F-11D3-BF4B-00C04F79EFBC}") = "Meta.VoiceSDK.Mic.Other", "Meta.VoiceSDK.Mic.Other.csproj", "{98BC81A1-F739-ABA3-CA73-1ECE43253899}"
EndProject
Project("{FAE04EC0-301F-11D3-BF4B-00C04F79EFBC}") = "Meta.VoiceSDK.Mic.Common", "Meta.VoiceSDK.Mic.Common.csproj", "{FC1FD05F-9BE7-E294-059E-28EFCDCA2483}"
EndProject
Project("{FAE04EC0-301F-11D3-BF4B-00C04F79EFBC}") = "Meta.WitAi.Editor", "Meta.WitAi.Editor.csproj", "{B1AED7D0-B21F-38BB-739F-BE3175FD65AF}"
EndProject
Project("{FAE04EC0-301F-11D3-BF4B-00C04F79EFBC}") = "Oculus.Interaction.Editor", "Oculus.Interaction.Editor.csproj", "{59B1957D-F0D3-823E-F471-C40AD3811D8F}"
EndProject
Project("{FAE04EC0-301F-11D3-BF4B-00C04F79EFBC}") = "Meta.WitAI.Lib.Editor", "Meta.WitAI.Lib.Editor.csproj", "{25793B1A-0EEA-0154-C8CF-F0B8E1F09FE7}"
EndProject
Project("{FAE04EC0-301F-11D3-BF4B-00C04F79EFBC}") = "Oculus.VR.Editor", "Oculus.VR.Editor.csproj", "{2FFD26D1-6F68-69F5-68A4-47D1DEAD54B5}"
EndProject
Project("{FAE04EC0-301F-11D3-BF4B-00C04F79EFBC}") = "Meta.WitAi.Conduit.Editor", "Meta.WitAi.Conduit.Editor.csproj", "{47767420-4781-6F65-D6D6-6DED4C071494}"
EndProject
Project("{FAE04EC0-301F-11D3-BF4B-00C04F79EFBC}") = "Oculus.Interaction.OVR.Editor", "Oculus.Interaction.OVR.Editor.csproj", "{F7DF805B-CC9E-D520-E477-FF83BF55FA2B}"
EndProject
Project("{FAE04EC0-301F-11D3-BF4B-00C04F79EFBC}") = "Assembly-CSharp-Editor", "Assembly-CSharp-Editor.csproj", "{EC36F2D1-5E04-E77D-8972-5EE408D5EBBA}"
EndProject
Project("{FAE04EC0-301F-11D3-BF4B-00C04F79EFBC}") = "Oculus.Interaction.Samples.Editor", "Oculus.Interaction.Samples.Editor.csproj", "{5ABF15C1-6CA7-15A0-F406-2BFE2819CB7F}"
EndProject
Project("{FAE04EC0-301F-11D3-BF4B-00C04F79EFBC}") = "Oculus.VR.Scripts.Editor", "Oculus.VR.Scripts.Editor.csproj", "{A4EDE13B-D6E6-AF6E-ACE0-1CD0374BB3B1}"
EndProject
Project("{FAE04EC0-301F-11D3-BF4B-00C04F79EFBC}") = "VoiceSDK.Editor", "VoiceSDK.Editor.csproj", "{386EC81F-5F17-1125-21F9-5D37259A90FC}"
EndProject
Project("{FAE04EC0-301F-11D3-BF4B-00C04F79EFBC}") = "Oculus.Spatializer.Editor", "Oculus.Spatializer.Editor.csproj", "{7A58E0F8-924D-C13F-1133-E3549D81B4B3}"
EndProject
Project("{FAE04EC0-301F-11D3-BF4B-00C04F79EFBC}") = "Meta.WitAi.TTS.Editor", "Meta.WitAi.TTS.Editor.csproj", "{624FB0F1-E6D4-E5C3-107F-889D9D218731}"
EndProject
Project("{FAE04EC0-301F-11D3-BF4B-00C04F79EFBC}") = "Facebook.Wit.Dictation.Editor", "Facebook.Wit.Dictation.Editor.csproj", "{71EE03D5-9036-BF79-AC2E-2824A4D9AA5F}"
EndProject
Project("{FAE04EC0-301F-11D3-BF4B-00C04F79EFBC}") = "VoiceSDK.Dictation.Editor", "VoiceSDK.Dictation.Editor.csproj", "{24DBC855-994C-0EF3-3C21-3996D6F03B76}"
EndProject
Project("{FAE04EC0-301F-11D3-BF4B-00C04F79EFBC}") = "Oculus.Platform.Editor", "Oculus.Platform.Editor.csproj", "{D6199B9D-C686-EC7B-FECB-A8D889878489}"
EndProject
Project("{FAE04EC0-301F-11D3-BF4B-00C04F79EFBC}") = "Oculus.AudioManager.Audio.Editor", "Oculus.AudioManager.Audio.Editor.csproj", "{4BB4B8AC-9829-CA0E-AEB2-7889A236C5D8}"
EndProject
Project("{FAE04EC0-301F-11D3-BF4B-00C04F79EFBC}") = "Oculus.Interaction.InterfaceSupport", "Oculus.Interaction.InterfaceSupport.csproj", "{59616720-5E61-9050-E118-527E6244E1FC}"
EndProject
Project("{FAE04EC0-301F-11D3-BF4B-00C04F79EFBC}") = "Oculus.LipSync.Editor", "Oculus.LipSync.Editor.csproj", "{7EEEAB3F-28BA-926C-7E91-FF794203848D}"
EndProject
Project("{FAE04EC0-301F-11D3-BF4B-00C04F79EFBC}") = "AssistantCoreSDKEditor", "AssistantCoreSDKEditor.csproj", "{77D5C1AD-0CE6-7A6F-0E38-1BBF2363DB6B}"
EndProject
Project("{FAE04EC0-301F-11D3-BF4B-00C04F79EFBC}") = "Oculus.AudioManager.Utils.Editor", "Oculus.AudioManager.Utils.Editor.csproj", "{FB6F341E-6204-7495-F376-B89D432910F9}"
EndProject
Global
	GlobalSection(SolutionConfigurationPlatforms) = preSolution
		Debug|Any CPU = Debug|Any CPU
		Release|Any CPU = Release|Any CPU
	EndGlobalSection
	GlobalSection(ProjectConfigurationPlatforms) = postSolution
		{05FA4BE8-FB60-B4C0-415C-EFAD574ABC5F}.Debug|Any CPU.ActiveCfg = Debug|Any CPU
		{05FA4BE8-FB60-B4C0-415C-EFAD574ABC5F}.Debug|Any CPU.Build.0 = Debug|Any CPU
		{05FA4BE8-FB60-B4C0-415C-EFAD574ABC5F}.Release|Any CPU.ActiveCfg = Release|Any CPU
		{05FA4BE8-FB60-B4C0-415C-EFAD574ABC5F}.Release|Any CPU.Build.0 = Release|Any CPU
		{7A8481D9-5C46-A0A4-6CEB-62F030A51B0D}.Debug|Any CPU.ActiveCfg = Debug|Any CPU
		{7A8481D9-5C46-A0A4-6CEB-62F030A51B0D}.Debug|Any CPU.Build.0 = Debug|Any CPU
		{7A8481D9-5C46-A0A4-6CEB-62F030A51B0D}.Release|Any CPU.ActiveCfg = Release|Any CPU
		{7A8481D9-5C46-A0A4-6CEB-62F030A51B0D}.Release|Any CPU.Build.0 = Release|Any CPU
		{57EDB94F-AA0E-AA65-DAD3-F32CC0BA9CD9}.Debug|Any CPU.ActiveCfg = Debug|Any CPU
		{57EDB94F-AA0E-AA65-DAD3-F32CC0BA9CD9}.Debug|Any CPU.Build.0 = Debug|Any CPU
		{57EDB94F-AA0E-AA65-DAD3-F32CC0BA9CD9}.Release|Any CPU.ActiveCfg = Release|Any CPU
		{57EDB94F-AA0E-AA65-DAD3-F32CC0BA9CD9}.Release|Any CPU.Build.0 = Release|Any CPU
		{9D8414AC-F2CF-A437-5C0B-4D6CAFD8C720}.Debug|Any CPU.ActiveCfg = Debug|Any CPU
		{9D8414AC-F2CF-A437-5C0B-4D6CAFD8C720}.Debug|Any CPU.Build.0 = Debug|Any CPU
		{9D8414AC-F2CF-A437-5C0B-4D6CAFD8C720}.Release|Any CPU.ActiveCfg = Release|Any CPU
		{9D8414AC-F2CF-A437-5C0B-4D6CAFD8C720}.Release|Any CPU.Build.0 = Release|Any CPU
		{37D6CA03-3177-4F21-8975-B581F3047958}.Debug|Any CPU.ActiveCfg = Debug|Any CPU
		{37D6CA03-3177-4F21-8975-B581F3047958}.Debug|Any CPU.Build.0 = Debug|Any CPU
		{37D6CA03-3177-4F21-8975-B581F3047958}.Release|Any CPU.ActiveCfg = Release|Any CPU
		{37D6CA03-3177-4F21-8975-B581F3047958}.Release|Any CPU.Build.0 = Release|Any CPU
		{E9D7809E-FC61-5383-55C1-D7DAB24AA1CC}.Debug|Any CPU.ActiveCfg = Debug|Any CPU
		{E9D7809E-FC61-5383-55C1-D7DAB24AA1CC}.Debug|Any CPU.Build.0 = Debug|Any CPU
		{E9D7809E-FC61-5383-55C1-D7DAB24AA1CC}.Release|Any CPU.ActiveCfg = Release|Any CPU
		{E9D7809E-FC61-5383-55C1-D7DAB24AA1CC}.Release|Any CPU.Build.0 = Release|Any CPU
		{AC6FF853-26D2-FD0B-41FA-45AF4E313851}.Debug|Any CPU.ActiveCfg = Debug|Any CPU
		{AC6FF853-26D2-FD0B-41FA-45AF4E313851}.Debug|Any CPU.Build.0 = Debug|Any CPU
		{AC6FF853-26D2-FD0B-41FA-45AF4E313851}.Release|Any CPU.ActiveCfg = Release|Any CPU
		{AC6FF853-26D2-FD0B-41FA-45AF4E313851}.Release|Any CPU.Build.0 = Release|Any CPU
		{F9190620-121F-9FAD-9984-2CBB45EFA337}.Debug|Any CPU.ActiveCfg = Debug|Any CPU
		{F9190620-121F-9FAD-9984-2CBB45EFA337}.Debug|Any CPU.Build.0 = Debug|Any CPU
		{F9190620-121F-9FAD-9984-2CBB45EFA337}.Release|Any CPU.ActiveCfg = Release|Any CPU
		{F9190620-121F-9FAD-9984-2CBB45EFA337}.Release|Any CPU.Build.0 = Release|Any CPU
		{DBD7886E-4554-20EE-88C7-8E5D4D04F3DB}.Debug|Any CPU.ActiveCfg = Debug|Any CPU
		{DBD7886E-4554-20EE-88C7-8E5D4D04F3DB}.Debug|Any CPU.Build.0 = Debug|Any CPU
		{DBD7886E-4554-20EE-88C7-8E5D4D04F3DB}.Release|Any CPU.ActiveCfg = Release|Any CPU
		{DBD7886E-4554-20EE-88C7-8E5D4D04F3DB}.Release|Any CPU.Build.0 = Release|Any CPU
		{3FF9A865-9AD7-1DE7-BA79-59B9F34430B1}.Debug|Any CPU.ActiveCfg = Debug|Any CPU
		{3FF9A865-9AD7-1DE7-BA79-59B9F34430B1}.Debug|Any CPU.Build.0 = Debug|Any CPU
		{3FF9A865-9AD7-1DE7-BA79-59B9F34430B1}.Release|Any CPU.ActiveCfg = Release|Any CPU
		{3FF9A865-9AD7-1DE7-BA79-59B9F34430B1}.Release|Any CPU.Build.0 = Release|Any CPU
		{2C0E135E-2586-EE3B-EC80-173F7670FAC0}.Debug|Any CPU.ActiveCfg = Debug|Any CPU
		{2C0E135E-2586-EE3B-EC80-173F7670FAC0}.Debug|Any CPU.Build.0 = Debug|Any CPU
		{2C0E135E-2586-EE3B-EC80-173F7670FAC0}.Release|Any CPU.ActiveCfg = Release|Any CPU
		{2C0E135E-2586-EE3B-EC80-173F7670FAC0}.Release|Any CPU.Build.0 = Release|Any CPU
		{786874D2-6FDA-A801-5A50-D0F64900534B}.Debug|Any CPU.ActiveCfg = Debug|Any CPU
		{786874D2-6FDA-A801-5A50-D0F64900534B}.Debug|Any CPU.Build.0 = Debug|Any CPU
		{786874D2-6FDA-A801-5A50-D0F64900534B}.Release|Any CPU.ActiveCfg = Release|Any CPU
		{786874D2-6FDA-A801-5A50-D0F64900534B}.Release|Any CPU.Build.0 = Release|Any CPU
		{A409C8D0-A667-0022-CAD9-48FFA38A5376}.Debug|Any CPU.ActiveCfg = Debug|Any CPU
		{A409C8D0-A667-0022-CAD9-48FFA38A5376}.Debug|Any CPU.Build.0 = Debug|Any CPU
		{A409C8D0-A667-0022-CAD9-48FFA38A5376}.Release|Any CPU.ActiveCfg = Release|Any CPU
		{A409C8D0-A667-0022-CAD9-48FFA38A5376}.Release|Any CPU.Build.0 = Release|Any CPU
		{FB165A91-6672-063B-C259-141AC1AB9FFD}.Debug|Any CPU.ActiveCfg = Debug|Any CPU
		{FB165A91-6672-063B-C259-141AC1AB9FFD}.Debug|Any CPU.Build.0 = Debug|Any CPU
		{FB165A91-6672-063B-C259-141AC1AB9FFD}.Release|Any CPU.ActiveCfg = Release|Any CPU
		{FB165A91-6672-063B-C259-141AC1AB9FFD}.Release|Any CPU.Build.0 = Release|Any CPU
		{4E9AFEC6-084E-870F-7E93-5E5B554F75C2}.Debug|Any CPU.ActiveCfg = Debug|Any CPU
		{4E9AFEC6-084E-870F-7E93-5E5B554F75C2}.Debug|Any CPU.Build.0 = Debug|Any CPU
		{4E9AFEC6-084E-870F-7E93-5E5B554F75C2}.Release|Any CPU.ActiveCfg = Release|Any CPU
		{4E9AFEC6-084E-870F-7E93-5E5B554F75C2}.Release|Any CPU.Build.0 = Release|Any CPU
		{947F7A7A-4ACD-B914-143B-345576FF0F3C}.Debug|Any CPU.ActiveCfg = Debug|Any CPU
		{947F7A7A-4ACD-B914-143B-345576FF0F3C}.Debug|Any CPU.Build.0 = Debug|Any CPU
		{947F7A7A-4ACD-B914-143B-345576FF0F3C}.Release|Any CPU.ActiveCfg = Release|Any CPU
		{947F7A7A-4ACD-B914-143B-345576FF0F3C}.Release|Any CPU.Build.0 = Release|Any CPU
		{C77BB5C3-5F48-8A0D-ADF6-68359EF2CDD8}.Debug|Any CPU.ActiveCfg = Debug|Any CPU
		{C77BB5C3-5F48-8A0D-ADF6-68359EF2CDD8}.Debug|Any CPU.Build.0 = Debug|Any CPU
		{C77BB5C3-5F48-8A0D-ADF6-68359EF2CDD8}.Release|Any CPU.ActiveCfg = Release|Any CPU
		{C77BB5C3-5F48-8A0D-ADF6-68359EF2CDD8}.Release|Any CPU.Build.0 = Release|Any CPU
		{EDD141CE-6A4A-9288-CAA1-C993F05A56A0}.Debug|Any CPU.ActiveCfg = Debug|Any CPU
		{EDD141CE-6A4A-9288-CAA1-C993F05A56A0}.Debug|Any CPU.Build.0 = Debug|Any CPU
		{EDD141CE-6A4A-9288-CAA1-C993F05A56A0}.Release|Any CPU.ActiveCfg = Release|Any CPU
		{EDD141CE-6A4A-9288-CAA1-C993F05A56A0}.Release|Any CPU.Build.0 = Release|Any CPU
		{AD6E2FA9-747F-AD98-FF76-9708AAB4C737}.Debug|Any CPU.ActiveCfg = Debug|Any CPU
		{AD6E2FA9-747F-AD98-FF76-9708AAB4C737}.Debug|Any CPU.Build.0 = Debug|Any CPU
		{AD6E2FA9-747F-AD98-FF76-9708AAB4C737}.Release|Any CPU.ActiveCfg = Release|Any CPU
		{AD6E2FA9-747F-AD98-FF76-9708AAB4C737}.Release|Any CPU.Build.0 = Release|Any CPU
		{98BC81A1-F739-ABA3-CA73-1ECE43253899}.Debug|Any CPU.ActiveCfg = Debug|Any CPU
		{98BC81A1-F739-ABA3-CA73-1ECE43253899}.Debug|Any CPU.Build.0 = Debug|Any CPU
		{98BC81A1-F739-ABA3-CA73-1ECE43253899}.Release|Any CPU.ActiveCfg = Release|Any CPU
		{98BC81A1-F739-ABA3-CA73-1ECE43253899}.Release|Any CPU.Build.0 = Release|Any CPU
		{FC1FD05F-9BE7-E294-059E-28EFCDCA2483}.Debug|Any CPU.ActiveCfg = Debug|Any CPU
		{FC1FD05F-9BE7-E294-059E-28EFCDCA2483}.Debug|Any CPU.Build.0 = Debug|Any CPU
		{FC1FD05F-9BE7-E294-059E-28EFCDCA2483}.Release|Any CPU.ActiveCfg = Release|Any CPU
		{FC1FD05F-9BE7-E294-059E-28EFCDCA2483}.Release|Any CPU.Build.0 = Release|Any CPU
		{B1AED7D0-B21F-38BB-739F-BE3175FD65AF}.Debug|Any CPU.ActiveCfg = Debug|Any CPU
		{B1AED7D0-B21F-38BB-739F-BE3175FD65AF}.Debug|Any CPU.Build.0 = Debug|Any CPU
		{B1AED7D0-B21F-38BB-739F-BE3175FD65AF}.Release|Any CPU.ActiveCfg = Release|Any CPU
		{B1AED7D0-B21F-38BB-739F-BE3175FD65AF}.Release|Any CPU.Build.0 = Release|Any CPU
		{59B1957D-F0D3-823E-F471-C40AD3811D8F}.Debug|Any CPU.ActiveCfg = Debug|Any CPU
		{59B1957D-F0D3-823E-F471-C40AD3811D8F}.Debug|Any CPU.Build.0 = Debug|Any CPU
		{59B1957D-F0D3-823E-F471-C40AD3811D8F}.Release|Any CPU.ActiveCfg = Release|Any CPU
		{59B1957D-F0D3-823E-F471-C40AD3811D8F}.Release|Any CPU.Build.0 = Release|Any CPU
		{25793B1A-0EEA-0154-C8CF-F0B8E1F09FE7}.Debug|Any CPU.ActiveCfg = Debug|Any CPU
		{25793B1A-0EEA-0154-C8CF-F0B8E1F09FE7}.Debug|Any CPU.Build.0 = Debug|Any CPU
		{25793B1A-0EEA-0154-C8CF-F0B8E1F09FE7}.Release|Any CPU.ActiveCfg = Release|Any CPU
		{25793B1A-0EEA-0154-C8CF-F0B8E1F09FE7}.Release|Any CPU.Build.0 = Release|Any CPU
		{2FFD26D1-6F68-69F5-68A4-47D1DEAD54B5}.Debug|Any CPU.ActiveCfg = Debug|Any CPU
		{2FFD26D1-6F68-69F5-68A4-47D1DEAD54B5}.Debug|Any CPU.Build.0 = Debug|Any CPU
		{2FFD26D1-6F68-69F5-68A4-47D1DEAD54B5}.Release|Any CPU.ActiveCfg = Release|Any CPU
		{2FFD26D1-6F68-69F5-68A4-47D1DEAD54B5}.Release|Any CPU.Build.0 = Release|Any CPU
		{47767420-4781-6F65-D6D6-6DED4C071494}.Debug|Any CPU.ActiveCfg = Debug|Any CPU
		{47767420-4781-6F65-D6D6-6DED4C071494}.Debug|Any CPU.Build.0 = Debug|Any CPU
		{47767420-4781-6F65-D6D6-6DED4C071494}.Release|Any CPU.ActiveCfg = Release|Any CPU
		{47767420-4781-6F65-D6D6-6DED4C071494}.Release|Any CPU.Build.0 = Release|Any CPU
		{F7DF805B-CC9E-D520-E477-FF83BF55FA2B}.Debug|Any CPU.ActiveCfg = Debug|Any CPU
		{F7DF805B-CC9E-D520-E477-FF83BF55FA2B}.Debug|Any CPU.Build.0 = Debug|Any CPU
		{F7DF805B-CC9E-D520-E477-FF83BF55FA2B}.Release|Any CPU.ActiveCfg = Release|Any CPU
		{F7DF805B-CC9E-D520-E477-FF83BF55FA2B}.Release|Any CPU.Build.0 = Release|Any CPU
		{EC36F2D1-5E04-E77D-8972-5EE408D5EBBA}.Debug|Any CPU.ActiveCfg = Debug|Any CPU
		{EC36F2D1-5E04-E77D-8972-5EE408D5EBBA}.Debug|Any CPU.Build.0 = Debug|Any CPU
		{EC36F2D1-5E04-E77D-8972-5EE408D5EBBA}.Release|Any CPU.ActiveCfg = Release|Any CPU
		{EC36F2D1-5E04-E77D-8972-5EE408D5EBBA}.Release|Any CPU.Build.0 = Release|Any CPU
		{5ABF15C1-6CA7-15A0-F406-2BFE2819CB7F}.Debug|Any CPU.ActiveCfg = Debug|Any CPU
		{5ABF15C1-6CA7-15A0-F406-2BFE2819CB7F}.Debug|Any CPU.Build.0 = Debug|Any CPU
		{5ABF15C1-6CA7-15A0-F406-2BFE2819CB7F}.Release|Any CPU.ActiveCfg = Release|Any CPU
		{5ABF15C1-6CA7-15A0-F406-2BFE2819CB7F}.Release|Any CPU.Build.0 = Release|Any CPU
		{A4EDE13B-D6E6-AF6E-ACE0-1CD0374BB3B1}.Debug|Any CPU.ActiveCfg = Debug|Any CPU
		{A4EDE13B-D6E6-AF6E-ACE0-1CD0374BB3B1}.Debug|Any CPU.Build.0 = Debug|Any CPU
		{A4EDE13B-D6E6-AF6E-ACE0-1CD0374BB3B1}.Release|Any CPU.ActiveCfg = Release|Any CPU
		{A4EDE13B-D6E6-AF6E-ACE0-1CD0374BB3B1}.Release|Any CPU.Build.0 = Release|Any CPU
		{386EC81F-5F17-1125-21F9-5D37259A90FC}.Debug|Any CPU.ActiveCfg = Debug|Any CPU
		{386EC81F-5F17-1125-21F9-5D37259A90FC}.Debug|Any CPU.Build.0 = Debug|Any CPU
		{386EC81F-5F17-1125-21F9-5D37259A90FC}.Release|Any CPU.ActiveCfg = Release|Any CPU
		{386EC81F-5F17-1125-21F9-5D37259A90FC}.Release|Any CPU.Build.0 = Release|Any CPU
		{7A58E0F8-924D-C13F-1133-E3549D81B4B3}.Debug|Any CPU.ActiveCfg = Debug|Any CPU
		{7A58E0F8-924D-C13F-1133-E3549D81B4B3}.Debug|Any CPU.Build.0 = Debug|Any CPU
		{7A58E0F8-924D-C13F-1133-E3549D81B4B3}.Release|Any CPU.ActiveCfg = Release|Any CPU
		{7A58E0F8-924D-C13F-1133-E3549D81B4B3}.Release|Any CPU.Build.0 = Release|Any CPU
		{624FB0F1-E6D4-E5C3-107F-889D9D218731}.Debug|Any CPU.ActiveCfg = Debug|Any CPU
		{624FB0F1-E6D4-E5C3-107F-889D9D218731}.Debug|Any CPU.Build.0 = Debug|Any CPU
		{624FB0F1-E6D4-E5C3-107F-889D9D218731}.Release|Any CPU.ActiveCfg = Release|Any CPU
		{624FB0F1-E6D4-E5C3-107F-889D9D218731}.Release|Any CPU.Build.0 = Release|Any CPU
		{71EE03D5-9036-BF79-AC2E-2824A4D9AA5F}.Debug|Any CPU.ActiveCfg = Debug|Any CPU
		{71EE03D5-9036-BF79-AC2E-2824A4D9AA5F}.Debug|Any CPU.Build.0 = Debug|Any CPU
		{71EE03D5-9036-BF79-AC2E-2824A4D9AA5F}.Release|Any CPU.ActiveCfg = Release|Any CPU
		{71EE03D5-9036-BF79-AC2E-2824A4D9AA5F}.Release|Any CPU.Build.0 = Release|Any CPU
		{24DBC855-994C-0EF3-3C21-3996D6F03B76}.Debug|Any CPU.ActiveCfg = Debug|Any CPU
		{24DBC855-994C-0EF3-3C21-3996D6F03B76}.Debug|Any CPU.Build.0 = Debug|Any CPU
		{24DBC855-994C-0EF3-3C21-3996D6F03B76}.Release|Any CPU.ActiveCfg = Release|Any CPU
		{24DBC855-994C-0EF3-3C21-3996D6F03B76}.Release|Any CPU.Build.0 = Release|Any CPU
		{D6199B9D-C686-EC7B-FECB-A8D889878489}.Debug|Any CPU.ActiveCfg = Debug|Any CPU
		{D6199B9D-C686-EC7B-FECB-A8D889878489}.Debug|Any CPU.Build.0 = Debug|Any CPU
		{D6199B9D-C686-EC7B-FECB-A8D889878489}.Release|Any CPU.ActiveCfg = Release|Any CPU
		{D6199B9D-C686-EC7B-FECB-A8D889878489}.Release|Any CPU.Build.0 = Release|Any CPU
		{4BB4B8AC-9829-CA0E-AEB2-7889A236C5D8}.Debug|Any CPU.ActiveCfg = Debug|Any CPU
		{4BB4B8AC-9829-CA0E-AEB2-7889A236C5D8}.Debug|Any CPU.Build.0 = Debug|Any CPU
		{4BB4B8AC-9829-CA0E-AEB2-7889A236C5D8}.Release|Any CPU.ActiveCfg = Release|Any CPU
		{4BB4B8AC-9829-CA0E-AEB2-7889A236C5D8}.Release|Any CPU.Build.0 = Release|Any CPU
		{59616720-5E61-9050-E118-527E6244E1FC}.Debug|Any CPU.ActiveCfg = Debug|Any CPU
		{59616720-5E61-9050-E118-527E6244E1FC}.Debug|Any CPU.Build.0 = Debug|Any CPU
		{59616720-5E61-9050-E118-527E6244E1FC}.Release|Any CPU.ActiveCfg = Release|Any CPU
		{59616720-5E61-9050-E118-527E6244E1FC}.Release|Any CPU.Build.0 = Release|Any CPU
		{7EEEAB3F-28BA-926C-7E91-FF794203848D}.Debug|Any CPU.ActiveCfg = Debug|Any CPU
		{7EEEAB3F-28BA-926C-7E91-FF794203848D}.Debug|Any CPU.Build.0 = Debug|Any CPU
		{7EEEAB3F-28BA-926C-7E91-FF794203848D}.Release|Any CPU.ActiveCfg = Release|Any CPU
		{7EEEAB3F-28BA-926C-7E91-FF794203848D}.Release|Any CPU.Build.0 = Release|Any CPU
		{77D5C1AD-0CE6-7A6F-0E38-1BBF2363DB6B}.Debug|Any CPU.ActiveCfg = Debug|Any CPU
		{77D5C1AD-0CE6-7A6F-0E38-1BBF2363DB6B}.Debug|Any CPU.Build.0 = Debug|Any CPU
		{77D5C1AD-0CE6-7A6F-0E38-1BBF2363DB6B}.Release|Any CPU.ActiveCfg = Release|Any CPU
		{77D5C1AD-0CE6-7A6F-0E38-1BBF2363DB6B}.Release|Any CPU.Build.0 = Release|Any CPU
		{FB6F341E-6204-7495-F376-B89D432910F9}.Debug|Any CPU.ActiveCfg = Debug|Any CPU
		{FB6F341E-6204-7495-F376-B89D432910F9}.Debug|Any CPU.Build.0 = Debug|Any CPU
		{FB6F341E-6204-7495-F376-B89D432910F9}.Release|Any CPU.ActiveCfg = Release|Any CPU
		{FB6F341E-6204-7495-F376-B89D432910F9}.Release|Any CPU.Build.0 = Release|Any CPU
	EndGlobalSection
	GlobalSection(SolutionProperties) = preSolution
		HideSolutionNode = FALSE
	EndGlobalSection
EndGlobal
