
Microsoft Visual Studio Solution File, Format Version 12.00
# Visual Studio 15
Project("{FAE04EC0-301F-11D3-BF4B-00C04F79EFBC}") = "Oculus.Platform", "Oculus.Platform.csproj", "{3F290788-8432-C1A3-0F50-F1AAB6E13F81}"
EndProject
Project("{FAE04EC0-301F-11D3-BF4B-00C04F79EFBC}") = "Assembly-CSharp", "Assembly-CSharp.csproj", "{322AA96E-2EFB-1BC1-805B-09B71DBF5105}"
EndProject
Project("{FAE04EC0-301F-11D3-BF4B-00C04F79EFBC}") = "Oculus.Spatializer", "Oculus.Spatializer.csproj", "{51F58E27-8302-9027-E22E-CC0667C85EB4}"
EndProject
Project("{FAE04EC0-301F-11D3-BF4B-00C04F79EFBC}") = "Oculus.Interaction", "Oculus.Interaction.csproj", "{C6917A87-5941-36A3-A587-89071EDB1486}"
EndProject
Project("{FAE04EC0-301F-11D3-BF4B-00C04F79EFBC}") = "Meta.WitAi", "Meta.WitAi.csproj", "{CA186A5D-18E1-B8B7-065B-AF7A72EA73B7}"
EndProject
Project("{FAE04EC0-301F-11D3-BF4B-00C04F79EFBC}") = "Oculus.Interaction.OVR.Samples", "Oculus.Interaction.OVR.Samples.csproj", "{A5DB2B03-3C9F-3060-8691-28C678BFCEE7}"
EndProject
Project("{FAE04EC0-301F-11D3-BF4B-00C04F79EFBC}") = "Oculus.VR", "Oculus.VR.csproj", "{170B3030-EA4A-E169-3B54-588F0BC67F21}"
EndProject
Project("{FAE04EC0-301F-11D3-BF4B-00C04F79EFBC}") = "VoiceSDK.Dictation.Runtime", "VoiceSDK.Dictation.Runtime.csproj", "{ECFFA9E3-8DE0-61C0-1E7A-32D9256043D5}"
EndProject
Project("{FAE04EC0-301F-11D3-BF4B-00C04F79EFBC}") = "Meta.WitAi.TTS", "Meta.WitAi.TTS.csproj", "{976009DE-63F1-176C-0E6F-08AFB898AF75}"
EndProject
Project("{FAE04EC0-301F-11D3-BF4B-00C04F79EFBC}") = "Oculus.AudioManager", "Oculus.AudioManager.csproj", "{D2CF74DE-9ABC-43CF-B793-43ABF8366085}"
EndProject
Project("{FAE04EC0-301F-11D3-BF4B-00C04F79EFBC}") = "VoiceSDK.Runtime", "VoiceSDK.Runtime.csproj", "{35E3B447-4DF9-FD6D-07BB-A89F22DEF2DA}"
EndProject
Project("{FAE04EC0-301F-11D3-BF4B-00C04F79EFBC}") = "Facebook.Wit.Dictation", "Facebook.Wit.Dictation.csproj", "{97D812E2-623E-F2A4-A12E-4885D5E54EDD}"
EndProject
Project("{FAE04EC0-301F-11D3-BF4B-00C04F79EFBC}") = "Meta.WitAi.Lib", "Meta.WitAi.Lib.csproj", "{5DF8446B-5CF1-6F00-3C6D-418684AB5502}"
EndProject
Project("{FAE04EC0-301F-11D3-BF4B-00C04F79EFBC}") = "Meta.WitAi.TTS.Samples", "Meta.WitAi.TTS.Samples.csproj", "{80FDFAC8-C86C-D9B6-18E1-47F2F8F47CCF}"
EndProject
Project("{FAE04EC0-301F-11D3-BF4B-00C04F79EFBC}") = "Oculus.Voice.Demo", "Oculus.Voice.Demo.csproj", "{7FC64192-9840-6EF2-5DAB-3E1F453DCE7B}"
EndProject
Project("{FAE04EC0-301F-11D3-BF4B-00C04F79EFBC}") = "Oculus.Interaction.OVR", "Oculus.Interaction.OVR.csproj", "{3CECAF9B-1B31-6014-5C63-01E34FFA3010}"
EndProject
Project("{FAE04EC0-301F-11D3-BF4B-00C04F79EFBC}") = "AssistantCoreSDKRuntime", "AssistantCoreSDKRuntime.csproj", "{87162ECC-0FBF-92EB-2DBD-ED7F0B48162D}"
EndProject
Project("{FAE04EC0-301F-11D3-BF4B-00C04F79EFBC}") = "Meta.WitAi.Conduit", "Meta.WitAi.Conduit.csproj", "{23DB167A-1F9D-C6DD-1185-C7C87A8BFF0E}"
EndProject
Project("{FAE04EC0-301F-11D3-BF4B-00C04F79EFBC}") = "Oculus.LipSync", "Oculus.LipSync.csproj", "{4484D874-F554-AC96-0B7D-F50FC4DD5FEA}"
EndProject
Project("{FAE04EC0-301F-11D3-BF4B-00C04F79EFBC}") = "Meta.VoiceSDK.Mic.Other", "Meta.VoiceSDK.Mic.Other.csproj", "{208AA9C9-7359-8016-3168-A0F58E5C0AF5}"
EndProject
Project("{FAE04EC0-301F-11D3-BF4B-00C04F79EFBC}") = "Meta.VoiceSDK.Mic.Common", "Meta.VoiceSDK.Mic.Common.csproj", "{B9469EB2-3BCC-8F5C-FCE2-48911C239353}"
EndProject
Project("{FAE04EC0-301F-11D3-BF4B-00C04F79EFBC}") = "Meta.WitAi.Editor", "Meta.WitAi.Editor.csproj", "{FD109228-2886-3307-4C4B-ED1E0886DCFA}"
EndProject
Project("{FAE04EC0-301F-11D3-BF4B-00C04F79EFBC}") = "Oculus.Interaction.Editor", "Oculus.Interaction.Editor.csproj", "{26DDA802-F7E2-BF4D-FF07-7F49A0064CAB}"
EndProject
Project("{FAE04EC0-301F-11D3-BF4B-00C04F79EFBC}") = "Meta.WitAI.Lib.Editor", "Meta.WitAI.Lib.Editor.csproj", "{E6C5B089-08BB-4D89-806D-36091B31DE85}"
EndProject
Project("{FAE04EC0-301F-11D3-BF4B-00C04F79EFBC}") = "Oculus.VR.Editor", "Oculus.VR.Editor.csproj", "{C27DFC6C-C015-2D22-7D8C-A11CCECBDB0C}"
EndProject
Project("{FAE04EC0-301F-11D3-BF4B-00C04F79EFBC}") = "Meta.WitAi.Conduit.Editor", "Meta.WitAi.Conduit.Editor.csproj", "{74054C6F-EACE-4E0E-8509-17421D0CA5AB}"
EndProject
Project("{FAE04EC0-301F-11D3-BF4B-00C04F79EFBC}") = "Oculus.Interaction.OVR.Editor", "Oculus.Interaction.OVR.Editor.csproj", "{DEF6E752-41B7-DD79-993C-6B8A4A367608}"
EndProject
Project("{FAE04EC0-301F-11D3-BF4B-00C04F79EFBC}") = "Assembly-CSharp-Editor", "Assembly-CSharp-Editor.csproj", "{945F5B5D-C609-0EB9-7B89-B1E1B91C754C}"
EndProject
Project("{FAE04EC0-301F-11D3-BF4B-00C04F79EFBC}") = "Oculus.Interaction.Samples.Editor", "Oculus.Interaction.Samples.Editor.csproj", "{BAEA63D8-8AAD-EE8A-A516-03F7496192F9}"
EndProject
Project("{FAE04EC0-301F-11D3-BF4B-00C04F79EFBC}") = "Oculus.VR.Scripts.Editor", "Oculus.VR.Scripts.Editor.csproj", "{0C835B28-1124-5DA1-F96C-725B0430132C}"
EndProject
Project("{FAE04EC0-301F-11D3-BF4B-00C04F79EFBC}") = "VoiceSDK.Editor", "VoiceSDK.Editor.csproj", "{0CB2B066-C246-602D-9402-360B9287754C}"
EndProject
Project("{FAE04EC0-301F-11D3-BF4B-00C04F79EFBC}") = "Oculus.Spatializer.Editor", "Oculus.Spatializer.Editor.csproj", "{B1816FEC-F5E8-2927-78AF-BF5800C7702D}"
EndProject
Project("{FAE04EC0-301F-11D3-BF4B-00C04F79EFBC}") = "Meta.WitAi.TTS.Editor", "Meta.WitAi.TTS.Editor.csproj", "{4DCB3F93-D68E-E196-57BD-364F0F67BB8E}"
EndProject
Project("{FAE04EC0-301F-11D3-BF4B-00C04F79EFBC}") = "Facebook.Wit.Dictation.Editor", "Facebook.Wit.Dictation.Editor.csproj", "{4F10A8B5-6E22-5F3B-5131-57D926A55637}"
EndProject
Project("{FAE04EC0-301F-11D3-BF4B-00C04F79EFBC}") = "VoiceSDK.Dictation.Editor", "VoiceSDK.Dictation.Editor.csproj", "{EBA02F8C-48F3-7C91-C1E4-B456039B4699}"
EndProject
Project("{FAE04EC0-301F-11D3-BF4B-00C04F79EFBC}") = "Oculus.Platform.Editor", "Oculus.Platform.Editor.csproj", "{F46D26E3-8457-90CA-32CB-91E0DB14C3FE}"
EndProject
Project("{FAE04EC0-301F-11D3-BF4B-00C04F79EFBC}") = "Oculus.AudioManager.Audio.Editor", "Oculus.AudioManager.Audio.Editor.csproj", "{D03DED4E-6431-0CB6-34B7-EEB031C44E85}"
EndProject
Project("{FAE04EC0-301F-11D3-BF4B-00C04F79EFBC}") = "Oculus.Interaction.InterfaceSupport", "Oculus.Interaction.InterfaceSupport.csproj", "{209BAD62-C9E9-6012-B818-FEEC11CBD405}"
EndProject
Project("{FAE04EC0-301F-11D3-BF4B-00C04F79EFBC}") = "Oculus.LipSync.Editor", "Oculus.LipSync.Editor.csproj", "{10D6351D-59DC-3F48-1832-B349B896CBDE}"
EndProject
Project("{FAE04EC0-301F-11D3-BF4B-00C04F79EFBC}") = "AssistantCoreSDKEditor", "AssistantCoreSDKEditor.csproj", "{23242344-051F-FF69-7C24-1E4D337CB97F}"
EndProject
Project("{FAE04EC0-301F-11D3-BF4B-00C04F79EFBC}") = "Oculus.AudioManager.Utils.Editor", "Oculus.AudioManager.Utils.Editor.csproj", "{04C7BA0A-C939-A172-1907-C6CD0CA10B3B}"
EndProject
Global
	GlobalSection(SolutionConfigurationPlatforms) = preSolution
		Debug|Any CPU = Debug|Any CPU
		Release|Any CPU = Release|Any CPU
	EndGlobalSection
	GlobalSection(ProjectConfigurationPlatforms) = postSolution
		{3F290788-8432-C1A3-0F50-F1AAB6E13F81}.Debug|Any CPU.ActiveCfg = Debug|Any CPU
		{3F290788-8432-C1A3-0F50-F1AAB6E13F81}.Debug|Any CPU.Build.0 = Debug|Any CPU
		{3F290788-8432-C1A3-0F50-F1AAB6E13F81}.Release|Any CPU.ActiveCfg = Release|Any CPU
		{3F290788-8432-C1A3-0F50-F1AAB6E13F81}.Release|Any CPU.Build.0 = Release|Any CPU
		{322AA96E-2EFB-1BC1-805B-09B71DBF5105}.Debug|Any CPU.ActiveCfg = Debug|Any CPU
		{322AA96E-2EFB-1BC1-805B-09B71DBF5105}.Debug|Any CPU.Build.0 = Debug|Any CPU
		{322AA96E-2EFB-1BC1-805B-09B71DBF5105}.Release|Any CPU.ActiveCfg = Release|Any CPU
		{322AA96E-2EFB-1BC1-805B-09B71DBF5105}.Release|Any CPU.Build.0 = Release|Any CPU
		{51F58E27-8302-9027-E22E-CC0667C85EB4}.Debug|Any CPU.ActiveCfg = Debug|Any CPU
		{51F58E27-8302-9027-E22E-CC0667C85EB4}.Debug|Any CPU.Build.0 = Debug|Any CPU
		{51F58E27-8302-9027-E22E-CC0667C85EB4}.Release|Any CPU.ActiveCfg = Release|Any CPU
		{51F58E27-8302-9027-E22E-CC0667C85EB4}.Release|Any CPU.Build.0 = Release|Any CPU
		{C6917A87-5941-36A3-A587-89071EDB1486}.Debug|Any CPU.ActiveCfg = Debug|Any CPU
		{C6917A87-5941-36A3-A587-89071EDB1486}.Debug|Any CPU.Build.0 = Debug|Any CPU
		{C6917A87-5941-36A3-A587-89071EDB1486}.Release|Any CPU.ActiveCfg = Release|Any CPU
		{C6917A87-5941-36A3-A587-89071EDB1486}.Release|Any CPU.Build.0 = Release|Any CPU
		{CA186A5D-18E1-B8B7-065B-AF7A72EA73B7}.Debug|Any CPU.ActiveCfg = Debug|Any CPU
		{CA186A5D-18E1-B8B7-065B-AF7A72EA73B7}.Debug|Any CPU.Build.0 = Debug|Any CPU
		{CA186A5D-18E1-B8B7-065B-AF7A72EA73B7}.Release|Any CPU.ActiveCfg = Release|Any CPU
		{CA186A5D-18E1-B8B7-065B-AF7A72EA73B7}.Release|Any CPU.Build.0 = Release|Any CPU
		{A5DB2B03-3C9F-3060-8691-28C678BFCEE7}.Debug|Any CPU.ActiveCfg = Debug|Any CPU
		{A5DB2B03-3C9F-3060-8691-28C678BFCEE7}.Debug|Any CPU.Build.0 = Debug|Any CPU
		{A5DB2B03-3C9F-3060-8691-28C678BFCEE7}.Release|Any CPU.ActiveCfg = Release|Any CPU
		{A5DB2B03-3C9F-3060-8691-28C678BFCEE7}.Release|Any CPU.Build.0 = Release|Any CPU
		{170B3030-EA4A-E169-3B54-588F0BC67F21}.Debug|Any CPU.ActiveCfg = Debug|Any CPU
		{170B3030-EA4A-E169-3B54-588F0BC67F21}.Debug|Any CPU.Build.0 = Debug|Any CPU
		{170B3030-EA4A-E169-3B54-588F0BC67F21}.Release|Any CPU.ActiveCfg = Release|Any CPU
		{170B3030-EA4A-E169-3B54-588F0BC67F21}.Release|Any CPU.Build.0 = Release|Any CPU
		{ECFFA9E3-8DE0-61C0-1E7A-32D9256043D5}.Debug|Any CPU.ActiveCfg = Debug|Any CPU
		{ECFFA9E3-8DE0-61C0-1E7A-32D9256043D5}.Debug|Any CPU.Build.0 = Debug|Any CPU
		{ECFFA9E3-8DE0-61C0-1E7A-32D9256043D5}.Release|Any CPU.ActiveCfg = Release|Any CPU
		{ECFFA9E3-8DE0-61C0-1E7A-32D9256043D5}.Release|Any CPU.Build.0 = Release|Any CPU
		{976009DE-63F1-176C-0E6F-08AFB898AF75}.Debug|Any CPU.ActiveCfg = Debug|Any CPU
		{976009DE-63F1-176C-0E6F-08AFB898AF75}.Debug|Any CPU.Build.0 = Debug|Any CPU
		{976009DE-63F1-176C-0E6F-08AFB898AF75}.Release|Any CPU.ActiveCfg = Release|Any CPU
		{976009DE-63F1-176C-0E6F-08AFB898AF75}.Release|Any CPU.Build.0 = Release|Any CPU
		{D2CF74DE-9ABC-43CF-B793-43ABF8366085}.Debug|Any CPU.ActiveCfg = Debug|Any CPU
		{D2CF74DE-9ABC-43CF-B793-43ABF8366085}.Debug|Any CPU.Build.0 = Debug|Any CPU
		{D2CF74DE-9ABC-43CF-B793-43ABF8366085}.Release|Any CPU.ActiveCfg = Release|Any CPU
		{D2CF74DE-9ABC-43CF-B793-43ABF8366085}.Release|Any CPU.Build.0 = Release|Any CPU
		{35E3B447-4DF9-FD6D-07BB-A89F22DEF2DA}.Debug|Any CPU.ActiveCfg = Debug|Any CPU
		{35E3B447-4DF9-FD6D-07BB-A89F22DEF2DA}.Debug|Any CPU.Build.0 = Debug|Any CPU
		{35E3B447-4DF9-FD6D-07BB-A89F22DEF2DA}.Release|Any CPU.ActiveCfg = Release|Any CPU
		{35E3B447-4DF9-FD6D-07BB-A89F22DEF2DA}.Release|Any CPU.Build.0 = Release|Any CPU
		{97D812E2-623E-F2A4-A12E-4885D5E54EDD}.Debug|Any CPU.ActiveCfg = Debug|Any CPU
		{97D812E2-623E-F2A4-A12E-4885D5E54EDD}.Debug|Any CPU.Build.0 = Debug|Any CPU
		{97D812E2-623E-F2A4-A12E-4885D5E54EDD}.Release|Any CPU.ActiveCfg = Release|Any CPU
		{97D812E2-623E-F2A4-A12E-4885D5E54EDD}.Release|Any CPU.Build.0 = Release|Any CPU
		{5DF8446B-5CF1-6F00-3C6D-418684AB5502}.Debug|Any CPU.ActiveCfg = Debug|Any CPU
		{5DF8446B-5CF1-6F00-3C6D-418684AB5502}.Debug|Any CPU.Build.0 = Debug|Any CPU
		{5DF8446B-5CF1-6F00-3C6D-418684AB5502}.Release|Any CPU.ActiveCfg = Release|Any CPU
		{5DF8446B-5CF1-6F00-3C6D-418684AB5502}.Release|Any CPU.Build.0 = Release|Any CPU
		{80FDFAC8-C86C-D9B6-18E1-47F2F8F47CCF}.Debug|Any CPU.ActiveCfg = Debug|Any CPU
		{80FDFAC8-C86C-D9B6-18E1-47F2F8F47CCF}.Debug|Any CPU.Build.0 = Debug|Any CPU
		{80FDFAC8-C86C-D9B6-18E1-47F2F8F47CCF}.Release|Any CPU.ActiveCfg = Release|Any CPU
		{80FDFAC8-C86C-D9B6-18E1-47F2F8F47CCF}.Release|Any CPU.Build.0 = Release|Any CPU
		{7FC64192-9840-6EF2-5DAB-3E1F453DCE7B}.Debug|Any CPU.ActiveCfg = Debug|Any CPU
		{7FC64192-9840-6EF2-5DAB-3E1F453DCE7B}.Debug|Any CPU.Build.0 = Debug|Any CPU
		{7FC64192-9840-6EF2-5DAB-3E1F453DCE7B}.Release|Any CPU.ActiveCfg = Release|Any CPU
		{7FC64192-9840-6EF2-5DAB-3E1F453DCE7B}.Release|Any CPU.Build.0 = Release|Any CPU
		{3CECAF9B-1B31-6014-5C63-01E34FFA3010}.Debug|Any CPU.ActiveCfg = Debug|Any CPU
		{3CECAF9B-1B31-6014-5C63-01E34FFA3010}.Debug|Any CPU.Build.0 = Debug|Any CPU
		{3CECAF9B-1B31-6014-5C63-01E34FFA3010}.Release|Any CPU.ActiveCfg = Release|Any CPU
		{3CECAF9B-1B31-6014-5C63-01E34FFA3010}.Release|Any CPU.Build.0 = Release|Any CPU
		{87162ECC-0FBF-92EB-2DBD-ED7F0B48162D}.Debug|Any CPU.ActiveCfg = Debug|Any CPU
		{87162ECC-0FBF-92EB-2DBD-ED7F0B48162D}.Debug|Any CPU.Build.0 = Debug|Any CPU
		{87162ECC-0FBF-92EB-2DBD-ED7F0B48162D}.Release|Any CPU.ActiveCfg = Release|Any CPU
		{87162ECC-0FBF-92EB-2DBD-ED7F0B48162D}.Release|Any CPU.Build.0 = Release|Any CPU
		{23DB167A-1F9D-C6DD-1185-C7C87A8BFF0E}.Debug|Any CPU.ActiveCfg = Debug|Any CPU
		{23DB167A-1F9D-C6DD-1185-C7C87A8BFF0E}.Debug|Any CPU.Build.0 = Debug|Any CPU
		{23DB167A-1F9D-C6DD-1185-C7C87A8BFF0E}.Release|Any CPU.ActiveCfg = Release|Any CPU
		{23DB167A-1F9D-C6DD-1185-C7C87A8BFF0E}.Release|Any CPU.Build.0 = Release|Any CPU
		{4484D874-F554-AC96-0B7D-F50FC4DD5FEA}.Debug|Any CPU.ActiveCfg = Debug|Any CPU
		{4484D874-F554-AC96-0B7D-F50FC4DD5FEA}.Debug|Any CPU.Build.0 = Debug|Any CPU
		{4484D874-F554-AC96-0B7D-F50FC4DD5FEA}.Release|Any CPU.ActiveCfg = Release|Any CPU
		{4484D874-F554-AC96-0B7D-F50FC4DD5FEA}.Release|Any CPU.Build.0 = Release|Any CPU
		{208AA9C9-7359-8016-3168-A0F58E5C0AF5}.Debug|Any CPU.ActiveCfg = Debug|Any CPU
		{208AA9C9-7359-8016-3168-A0F58E5C0AF5}.Debug|Any CPU.Build.0 = Debug|Any CPU
		{208AA9C9-7359-8016-3168-A0F58E5C0AF5}.Release|Any CPU.ActiveCfg = Release|Any CPU
		{208AA9C9-7359-8016-3168-A0F58E5C0AF5}.Release|Any CPU.Build.0 = Release|Any CPU
		{B9469EB2-3BCC-8F5C-FCE2-48911C239353}.Debug|Any CPU.ActiveCfg = Debug|Any CPU
		{B9469EB2-3BCC-8F5C-FCE2-48911C239353}.Debug|Any CPU.Build.0 = Debug|Any CPU
		{B9469EB2-3BCC-8F5C-FCE2-48911C239353}.Release|Any CPU.ActiveCfg = Release|Any CPU
		{B9469EB2-3BCC-8F5C-FCE2-48911C239353}.Release|Any CPU.Build.0 = Release|Any CPU
		{FD109228-2886-3307-4C4B-ED1E0886DCFA}.Debug|Any CPU.ActiveCfg = Debug|Any CPU
		{FD109228-2886-3307-4C4B-ED1E0886DCFA}.Debug|Any CPU.Build.0 = Debug|Any CPU
		{FD109228-2886-3307-4C4B-ED1E0886DCFA}.Release|Any CPU.ActiveCfg = Release|Any CPU
		{FD109228-2886-3307-4C4B-ED1E0886DCFA}.Release|Any CPU.Build.0 = Release|Any CPU
		{26DDA802-F7E2-BF4D-FF07-7F49A0064CAB}.Debug|Any CPU.ActiveCfg = Debug|Any CPU
		{26DDA802-F7E2-BF4D-FF07-7F49A0064CAB}.Debug|Any CPU.Build.0 = Debug|Any CPU
		{26DDA802-F7E2-BF4D-FF07-7F49A0064CAB}.Release|Any CPU.ActiveCfg = Release|Any CPU
		{26DDA802-F7E2-BF4D-FF07-7F49A0064CAB}.Release|Any CPU.Build.0 = Release|Any CPU
		{E6C5B089-08BB-4D89-806D-36091B31DE85}.Debug|Any CPU.ActiveCfg = Debug|Any CPU
		{E6C5B089-08BB-4D89-806D-36091B31DE85}.Debug|Any CPU.Build.0 = Debug|Any CPU
		{E6C5B089-08BB-4D89-806D-36091B31DE85}.Release|Any CPU.ActiveCfg = Release|Any CPU
		{E6C5B089-08BB-4D89-806D-36091B31DE85}.Release|Any CPU.Build.0 = Release|Any CPU
		{C27DFC6C-C015-2D22-7D8C-A11CCECBDB0C}.Debug|Any CPU.ActiveCfg = Debug|Any CPU
		{C27DFC6C-C015-2D22-7D8C-A11CCECBDB0C}.Debug|Any CPU.Build.0 = Debug|Any CPU
		{C27DFC6C-C015-2D22-7D8C-A11CCECBDB0C}.Release|Any CPU.ActiveCfg = Release|Any CPU
		{C27DFC6C-C015-2D22-7D8C-A11CCECBDB0C}.Release|Any CPU.Build.0 = Release|Any CPU
		{74054C6F-EACE-4E0E-8509-17421D0CA5AB}.Debug|Any CPU.ActiveCfg = Debug|Any CPU
		{74054C6F-EACE-4E0E-8509-17421D0CA5AB}.Debug|Any CPU.Build.0 = Debug|Any CPU
		{74054C6F-EACE-4E0E-8509-17421D0CA5AB}.Release|Any CPU.ActiveCfg = Release|Any CPU
		{74054C6F-EACE-4E0E-8509-17421D0CA5AB}.Release|Any CPU.Build.0 = Release|Any CPU
		{DEF6E752-41B7-DD79-993C-6B8A4A367608}.Debug|Any CPU.ActiveCfg = Debug|Any CPU
		{DEF6E752-41B7-DD79-993C-6B8A4A367608}.Debug|Any CPU.Build.0 = Debug|Any CPU
		{DEF6E752-41B7-DD79-993C-6B8A4A367608}.Release|Any CPU.ActiveCfg = Release|Any CPU
		{DEF6E752-41B7-DD79-993C-6B8A4A367608}.Release|Any CPU.Build.0 = Release|Any CPU
		{945F5B5D-C609-0EB9-7B89-B1E1B91C754C}.Debug|Any CPU.ActiveCfg = Debug|Any CPU
		{945F5B5D-C609-0EB9-7B89-B1E1B91C754C}.Debug|Any CPU.Build.0 = Debug|Any CPU
		{945F5B5D-C609-0EB9-7B89-B1E1B91C754C}.Release|Any CPU.ActiveCfg = Release|Any CPU
		{945F5B5D-C609-0EB9-7B89-B1E1B91C754C}.Release|Any CPU.Build.0 = Release|Any CPU
		{BAEA63D8-8AAD-EE8A-A516-03F7496192F9}.Debug|Any CPU.ActiveCfg = Debug|Any CPU
		{BAEA63D8-8AAD-EE8A-A516-03F7496192F9}.Debug|Any CPU.Build.0 = Debug|Any CPU
		{BAEA63D8-8AAD-EE8A-A516-03F7496192F9}.Release|Any CPU.ActiveCfg = Release|Any CPU
		{BAEA63D8-8AAD-EE8A-A516-03F7496192F9}.Release|Any CPU.Build.0 = Release|Any CPU
		{0C835B28-1124-5DA1-F96C-725B0430132C}.Debug|Any CPU.ActiveCfg = Debug|Any CPU
		{0C835B28-1124-5DA1-F96C-725B0430132C}.Debug|Any CPU.Build.0 = Debug|Any CPU
		{0C835B28-1124-5DA1-F96C-725B0430132C}.Release|Any CPU.ActiveCfg = Release|Any CPU
		{0C835B28-1124-5DA1-F96C-725B0430132C}.Release|Any CPU.Build.0 = Release|Any CPU
		{0CB2B066-C246-602D-9402-360B9287754C}.Debug|Any CPU.ActiveCfg = Debug|Any CPU
		{0CB2B066-C246-602D-9402-360B9287754C}.Debug|Any CPU.Build.0 = Debug|Any CPU
		{0CB2B066-C246-602D-9402-360B9287754C}.Release|Any CPU.ActiveCfg = Release|Any CPU
		{0CB2B066-C246-602D-9402-360B9287754C}.Release|Any CPU.Build.0 = Release|Any CPU
		{B1816FEC-F5E8-2927-78AF-BF5800C7702D}.Debug|Any CPU.ActiveCfg = Debug|Any CPU
		{B1816FEC-F5E8-2927-78AF-BF5800C7702D}.Debug|Any CPU.Build.0 = Debug|Any CPU
		{B1816FEC-F5E8-2927-78AF-BF5800C7702D}.Release|Any CPU.ActiveCfg = Release|Any CPU
		{B1816FEC-F5E8-2927-78AF-BF5800C7702D}.Release|Any CPU.Build.0 = Release|Any CPU
		{4DCB3F93-D68E-E196-57BD-364F0F67BB8E}.Debug|Any CPU.ActiveCfg = Debug|Any CPU
		{4DCB3F93-D68E-E196-57BD-364F0F67BB8E}.Debug|Any CPU.Build.0 = Debug|Any CPU
		{4DCB3F93-D68E-E196-57BD-364F0F67BB8E}.Release|Any CPU.ActiveCfg = Release|Any CPU
		{4DCB3F93-D68E-E196-57BD-364F0F67BB8E}.Release|Any CPU.Build.0 = Release|Any CPU
		{4F10A8B5-6E22-5F3B-5131-57D926A55637}.Debug|Any CPU.ActiveCfg = Debug|Any CPU
		{4F10A8B5-6E22-5F3B-5131-57D926A55637}.Debug|Any CPU.Build.0 = Debug|Any CPU
		{4F10A8B5-6E22-5F3B-5131-57D926A55637}.Release|Any CPU.ActiveCfg = Release|Any CPU
		{4F10A8B5-6E22-5F3B-5131-57D926A55637}.Release|Any CPU.Build.0 = Release|Any CPU
		{EBA02F8C-48F3-7C91-C1E4-B456039B4699}.Debug|Any CPU.ActiveCfg = Debug|Any CPU
		{EBA02F8C-48F3-7C91-C1E4-B456039B4699}.Debug|Any CPU.Build.0 = Debug|Any CPU
		{EBA02F8C-48F3-7C91-C1E4-B456039B4699}.Release|Any CPU.ActiveCfg = Release|Any CPU
		{EBA02F8C-48F3-7C91-C1E4-B456039B4699}.Release|Any CPU.Build.0 = Release|Any CPU
		{F46D26E3-8457-90CA-32CB-91E0DB14C3FE}.Debug|Any CPU.ActiveCfg = Debug|Any CPU
		{F46D26E3-8457-90CA-32CB-91E0DB14C3FE}.Debug|Any CPU.Build.0 = Debug|Any CPU
		{F46D26E3-8457-90CA-32CB-91E0DB14C3FE}.Release|Any CPU.ActiveCfg = Release|Any CPU
		{F46D26E3-8457-90CA-32CB-91E0DB14C3FE}.Release|Any CPU.Build.0 = Release|Any CPU
		{D03DED4E-6431-0CB6-34B7-EEB031C44E85}.Debug|Any CPU.ActiveCfg = Debug|Any CPU
		{D03DED4E-6431-0CB6-34B7-EEB031C44E85}.Debug|Any CPU.Build.0 = Debug|Any CPU
		{D03DED4E-6431-0CB6-34B7-EEB031C44E85}.Release|Any CPU.ActiveCfg = Release|Any CPU
		{D03DED4E-6431-0CB6-34B7-EEB031C44E85}.Release|Any CPU.Build.0 = Release|Any CPU
		{209BAD62-C9E9-6012-B818-FEEC11CBD405}.Debug|Any CPU.ActiveCfg = Debug|Any CPU
		{209BAD62-C9E9-6012-B818-FEEC11CBD405}.Debug|Any CPU.Build.0 = Debug|Any CPU
		{209BAD62-C9E9-6012-B818-FEEC11CBD405}.Release|Any CPU.ActiveCfg = Release|Any CPU
		{209BAD62-C9E9-6012-B818-FEEC11CBD405}.Release|Any CPU.Build.0 = Release|Any CPU
		{10D6351D-59DC-3F48-1832-B349B896CBDE}.Debug|Any CPU.ActiveCfg = Debug|Any CPU
		{10D6351D-59DC-3F48-1832-B349B896CBDE}.Debug|Any CPU.Build.0 = Debug|Any CPU
		{10D6351D-59DC-3F48-1832-B349B896CBDE}.Release|Any CPU.ActiveCfg = Release|Any CPU
		{10D6351D-59DC-3F48-1832-B349B896CBDE}.Release|Any CPU.Build.0 = Release|Any CPU
		{23242344-051F-FF69-7C24-1E4D337CB97F}.Debug|Any CPU.ActiveCfg = Debug|Any CPU
		{23242344-051F-FF69-7C24-1E4D337CB97F}.Debug|Any CPU.Build.0 = Debug|Any CPU
		{23242344-051F-FF69-7C24-1E4D337CB97F}.Release|Any CPU.ActiveCfg = Release|Any CPU
		{23242344-051F-FF69-7C24-1E4D337CB97F}.Release|Any CPU.Build.0 = Release|Any CPU
		{04C7BA0A-C939-A172-1907-C6CD0CA10B3B}.Debug|Any CPU.ActiveCfg = Debug|Any CPU
		{04C7BA0A-C939-A172-1907-C6CD0CA10B3B}.Debug|Any CPU.Build.0 = Debug|Any CPU
		{04C7BA0A-C939-A172-1907-C6CD0CA10B3B}.Release|Any CPU.ActiveCfg = Release|Any CPU
		{04C7BA0A-C939-A172-1907-C6CD0CA10B3B}.Release|Any CPU.Build.0 = Release|Any CPU
	EndGlobalSection
	GlobalSection(SolutionProperties) = preSolution
		HideSolutionNode = FALSE
	EndGlobalSection
EndGlobal
